
Microsoft Visual Studio Solution File, Format Version 12.00
# Visual Studio 2012
Project("{FAE04EC0-301F-11D3-BF4B-00C04F79EFBC}") = "Popcorn-Extended", "Popcorn-Extended\Popcorn-Extended.csproj", "{3B5C39DB-2BF8-4CFB-A13A-16C464DA005C}"
EndProject
Global
	GlobalSection(SolutionConfigurationPlatforms) = preSolution
		Debug|Any CPU = Debug|Any CPU
		Release|Any CPU = Release|Any CPU
	EndGlobalSection
	GlobalSection(ProjectConfigurationPlatforms) = postSolution
		{3B5C39DB-2BF8-4CFB-A13A-16C464DA005C}.Debug|Any CPU.ActiveCfg = Debug|Any CPU
		{3B5C39DB-2BF8-4CFB-A13A-16C464DA005C}.Debug|Any CPU.Build.0 = Debug|Any CPU
		{3B5C39DB-2BF8-4CFB-A13A-16C464DA005C}.Release|Any CPU.ActiveCfg = Release|Any CPU
		{3B5C39DB-2BF8-4CFB-A13A-16C464DA005C}.Release|Any CPU.Build.0 = Release|Any CPU
	EndGlobalSection
	GlobalSection(SolutionProperties) = preSolution
		HideSolutionNode = FALSE
	EndGlobalSection
EndGlobal
