
Microsoft Visual Studio Solution File, Format Version 12.00
# Visual Studio 2013
VisualStudioVersion = 12.0.20827.3
MinimumVisualStudioVersion = 10.0.40219.1
Project("{FAE04EC0-301F-11D3-BF4B-00C04F79EFBC}") = "07-AcademyPopcorn", "07-AcademyPopcorn\07-AcademyPopcorn.csproj", "{106444DC-BB84-4CD1-8FE3-D6E776D6B1F7}"
EndProject
Global
	GlobalSection(SolutionConfigurationPlatforms) = preSolution
		Debug|Any CPU = Debug|Any CPU
		Release|Any CPU = Release|Any CPU
	EndGlobalSection
	GlobalSection(ProjectConfigurationPlatforms) = postSolution
		{106444DC-BB84-4CD1-8FE3-D6E776D6B1F7}.Debug|Any CPU.ActiveCfg = Debug|Any CPU
		{106444DC-BB84-4CD1-8FE3-D6E776D6B1F7}.Debug|Any CPU.Build.0 = Debug|Any CPU
		{106444DC-BB84-4CD1-8FE3-D6E776D6B1F7}.Release|Any CPU.ActiveCfg = Release|Any CPU
		{106444DC-BB84-4CD1-8FE3-D6E776D6B1F7}.Release|Any CPU.Build.0 = Release|Any CPU
	EndGlobalSection
	GlobalSection(SolutionProperties) = preSolution
		HideSolutionNode = FALSE
	EndGlobalSection
EndGlobal
