
Microsoft Visual Studio Solution File, Format Version 12.00
# Visual Studio 2013
VisualStudioVersion = 12.0.21005.1
MinimumVisualStudioVersion = 10.0.40219.1
Project("{FAE04EC0-301F-11D3-BF4B-00C04F79EFBC}") = "BookStore.Models", "BookStore.Models\BookStore.Models.csproj", "{87D5940B-1718-4AEE-9F56-5FB7531E9682}"
EndProject
Project("{FAE04EC0-301F-11D3-BF4B-00C04F79EFBC}") = "BookStore.Data", "BookStore.Data\BookStore.Data.csproj", "{C9451F7E-AAD4-4585-A997-7FEA1FCE43EE}"
EndProject
Project("{FAE04EC0-301F-11D3-BF4B-00C04F79EFBC}") = "BookStore.Importer", "BookStore.Importer\BookStore.Importer.csproj", "{E7676EE0-CDF7-4906-A9EC-8AF1AE19E7F6}"
EndProject
Global
	GlobalSection(SolutionConfigurationPlatforms) = preSolution
		Debug|Any CPU = Debug|Any CPU
		Release|Any CPU = Release|Any CPU
	EndGlobalSection
	GlobalSection(ProjectConfigurationPlatforms) = postSolution
		{87D5940B-1718-4AEE-9F56-5FB7531E9682}.Debug|Any CPU.ActiveCfg = Debug|Any CPU
		{87D5940B-1718-4AEE-9F56-5FB7531E9682}.Debug|Any CPU.Build.0 = Debug|Any CPU
		{87D5940B-1718-4AEE-9F56-5FB7531E9682}.Release|Any CPU.ActiveCfg = Release|Any CPU
		{87D5940B-1718-4AEE-9F56-5FB7531E9682}.Release|Any CPU.Build.0 = Release|Any CPU
		{C9451F7E-AAD4-4585-A997-7FEA1FCE43EE}.Debug|Any CPU.ActiveCfg = Debug|Any CPU
		{C9451F7E-AAD4-4585-A997-7FEA1FCE43EE}.Debug|Any CPU.Build.0 = Debug|Any CPU
		{C9451F7E-AAD4-4585-A997-7FEA1FCE43EE}.Release|Any CPU.ActiveCfg = Release|Any CPU
		{C9451F7E-AAD4-4585-A997-7FEA1FCE43EE}.Release|Any CPU.Build.0 = Release|Any CPU
		{E7676EE0-CDF7-4906-A9EC-8AF1AE19E7F6}.Debug|Any CPU.ActiveCfg = Debug|Any CPU
		{E7676EE0-CDF7-4906-A9EC-8AF1AE19E7F6}.Debug|Any CPU.Build.0 = Debug|Any CPU
		{E7676EE0-CDF7-4906-A9EC-8AF1AE19E7F6}.Release|Any CPU.ActiveCfg = Release|Any CPU
		{E7676EE0-CDF7-4906-A9EC-8AF1AE19E7F6}.Release|Any CPU.Build.0 = Release|Any CPU
	EndGlobalSection
	GlobalSection(SolutionProperties) = preSolution
		HideSolutionNode = FALSE
	EndGlobalSection
EndGlobal
