
Microsoft Visual Studio Solution File, Format Version 12.00
# Visual Studio 2013
VisualStudioVersion = 12.0.30723.0
MinimumVisualStudioVersion = 10.0.40219.1
Project("{FAE04EC0-301F-11D3-BF4B-00C04F79EFBC}") = "Application.Data", "Application.Data\Application.Data.csproj", "{34A98DC2-6C41-4587-B837-C7B489C0D522}"
EndProject
Project("{FAE04EC0-301F-11D3-BF4B-00C04F79EFBC}") = "Application.Models", "Application.Models\Application.Models.csproj", "{80B98E7B-9EE3-42D6-8226-81F4EC5DF461}"
EndProject
Project("{FAE04EC0-301F-11D3-BF4B-00C04F79EFBC}") = "Application.Web", "Application.Web\Application.Web.csproj", "{A184438D-3D1A-448D-9A8C-CFB7013A1995}"
EndProject
Project("{2150E333-8FDC-42A3-9474-1A3956D46DE8}") = "ExternalLibraries", "ExternalLibraries", "{C09C5945-4D6C-4D41-9CD5-FCF14B538693}"
	ProjectSection(SolutionItems) = preProject
		ExternalLibraries\Kendo.Mvc.dll = ExternalLibraries\Kendo.Mvc.dll
	EndProjectSection
EndProject
Global
	GlobalSection(SolutionConfigurationPlatforms) = preSolution
		Debug|Any CPU = Debug|Any CPU
		Release|Any CPU = Release|Any CPU
	EndGlobalSection
	GlobalSection(ProjectConfigurationPlatforms) = postSolution
		{34A98DC2-6C41-4587-B837-C7B489C0D522}.Debug|Any CPU.ActiveCfg = Debug|Any CPU
		{34A98DC2-6C41-4587-B837-C7B489C0D522}.Debug|Any CPU.Build.0 = Debug|Any CPU
		{34A98DC2-6C41-4587-B837-C7B489C0D522}.Release|Any CPU.ActiveCfg = Release|Any CPU
		{34A98DC2-6C41-4587-B837-C7B489C0D522}.Release|Any CPU.Build.0 = Release|Any CPU
		{80B98E7B-9EE3-42D6-8226-81F4EC5DF461}.Debug|Any CPU.ActiveCfg = Debug|Any CPU
		{80B98E7B-9EE3-42D6-8226-81F4EC5DF461}.Debug|Any CPU.Build.0 = Debug|Any CPU
		{80B98E7B-9EE3-42D6-8226-81F4EC5DF461}.Release|Any CPU.ActiveCfg = Release|Any CPU
		{80B98E7B-9EE3-42D6-8226-81F4EC5DF461}.Release|Any CPU.Build.0 = Release|Any CPU
		{A184438D-3D1A-448D-9A8C-CFB7013A1995}.Debug|Any CPU.ActiveCfg = Debug|Any CPU
		{A184438D-3D1A-448D-9A8C-CFB7013A1995}.Debug|Any CPU.Build.0 = Debug|Any CPU
		{A184438D-3D1A-448D-9A8C-CFB7013A1995}.Release|Any CPU.ActiveCfg = Release|Any CPU
		{A184438D-3D1A-448D-9A8C-CFB7013A1995}.Release|Any CPU.Build.0 = Release|Any CPU
	EndGlobalSection
	GlobalSection(SolutionProperties) = preSolution
		HideSolutionNode = FALSE
	EndGlobalSection
EndGlobal
