
Microsoft Visual Studio Solution File, Format Version 12.00
# Visual Studio 2012
Project("{FAE04EC0-301F-11D3-BF4B-00C04F79EFBC}") = "01-PrintMatrix", "01-PrintMatrix\01-PrintMatrix.csproj", "{D0046B47-C223-4BB0-99AD-C8F915555C03}"
EndProject
Project("{FAE04EC0-301F-11D3-BF4B-00C04F79EFBC}") = "02-MaxSubMatrix", "02-MaxSubMatrix\02-MaxSubMatrix.csproj", "{21CCFE57-2B50-404B-A6F6-6DDA5D3A7CFB}"
EndProject
Project("{FAE04EC0-301F-11D3-BF4B-00C04F79EFBC}") = "03-LongestSequence", "03-LongestSequence\03-LongestSequence.csproj", "{FCB9BD99-4457-4931-9471-00DC0F5E6262}"
EndProject
Project("{FAE04EC0-301F-11D3-BF4B-00C04F79EFBC}") = "05-SortStringArray", "05-SortStringArray\05-SortStringArray.csproj", "{70CD42B5-4DB1-4BD4-974B-0FAA2B0310BF}"
EndProject
Project("{FAE04EC0-301F-11D3-BF4B-00C04F79EFBC}") = "04-LargestNumberLTK", "04-LargestNumberLTK\04-LargestNumberLTK.csproj", "{5A1E3594-32F4-46CA-BAEE-6282FA977335}"
EndProject
Project("{FAE04EC0-301F-11D3-BF4B-00C04F79EFBC}") = "06-ClassMatrix", "06-ClassMatrix\06-ClassMatrix.csproj", "{B23F3147-66AA-4980-88C8-A09365FBDA56}"
EndProject
Global
	GlobalSection(SolutionConfigurationPlatforms) = preSolution
		Debug|Any CPU = Debug|Any CPU
		Release|Any CPU = Release|Any CPU
	EndGlobalSection
	GlobalSection(ProjectConfigurationPlatforms) = postSolution
		{D0046B47-C223-4BB0-99AD-C8F915555C03}.Debug|Any CPU.ActiveCfg = Debug|Any CPU
		{D0046B47-C223-4BB0-99AD-C8F915555C03}.Debug|Any CPU.Build.0 = Debug|Any CPU
		{D0046B47-C223-4BB0-99AD-C8F915555C03}.Release|Any CPU.ActiveCfg = Release|Any CPU
		{D0046B47-C223-4BB0-99AD-C8F915555C03}.Release|Any CPU.Build.0 = Release|Any CPU
		{21CCFE57-2B50-404B-A6F6-6DDA5D3A7CFB}.Debug|Any CPU.ActiveCfg = Debug|Any CPU
		{21CCFE57-2B50-404B-A6F6-6DDA5D3A7CFB}.Debug|Any CPU.Build.0 = Debug|Any CPU
		{21CCFE57-2B50-404B-A6F6-6DDA5D3A7CFB}.Release|Any CPU.ActiveCfg = Release|Any CPU
		{21CCFE57-2B50-404B-A6F6-6DDA5D3A7CFB}.Release|Any CPU.Build.0 = Release|Any CPU
		{FCB9BD99-4457-4931-9471-00DC0F5E6262}.Debug|Any CPU.ActiveCfg = Debug|Any CPU
		{FCB9BD99-4457-4931-9471-00DC0F5E6262}.Debug|Any CPU.Build.0 = Debug|Any CPU
		{FCB9BD99-4457-4931-9471-00DC0F5E6262}.Release|Any CPU.ActiveCfg = Release|Any CPU
		{FCB9BD99-4457-4931-9471-00DC0F5E6262}.Release|Any CPU.Build.0 = Release|Any CPU
		{70CD42B5-4DB1-4BD4-974B-0FAA2B0310BF}.Debug|Any CPU.ActiveCfg = Debug|Any CPU
		{70CD42B5-4DB1-4BD4-974B-0FAA2B0310BF}.Debug|Any CPU.Build.0 = Debug|Any CPU
		{70CD42B5-4DB1-4BD4-974B-0FAA2B0310BF}.Release|Any CPU.ActiveCfg = Release|Any CPU
		{70CD42B5-4DB1-4BD4-974B-0FAA2B0310BF}.Release|Any CPU.Build.0 = Release|Any CPU
		{5A1E3594-32F4-46CA-BAEE-6282FA977335}.Debug|Any CPU.ActiveCfg = Debug|Any CPU
		{5A1E3594-32F4-46CA-BAEE-6282FA977335}.Debug|Any CPU.Build.0 = Debug|Any CPU
		{5A1E3594-32F4-46CA-BAEE-6282FA977335}.Release|Any CPU.ActiveCfg = Release|Any CPU
		{5A1E3594-32F4-46CA-BAEE-6282FA977335}.Release|Any CPU.Build.0 = Release|Any CPU
		{B23F3147-66AA-4980-88C8-A09365FBDA56}.Debug|Any CPU.ActiveCfg = Debug|Any CPU
		{B23F3147-66AA-4980-88C8-A09365FBDA56}.Debug|Any CPU.Build.0 = Debug|Any CPU
		{B23F3147-66AA-4980-88C8-A09365FBDA56}.Release|Any CPU.ActiveCfg = Release|Any CPU
		{B23F3147-66AA-4980-88C8-A09365FBDA56}.Release|Any CPU.Build.0 = Release|Any CPU
	EndGlobalSection
	GlobalSection(SolutionProperties) = preSolution
		HideSolutionNode = FALSE
	EndGlobalSection
EndGlobal
