
Microsoft Visual Studio Solution File, Format Version 12.00
# Visual Studio 2013
VisualStudioVersion = 12.0.30723.0
MinimumVisualStudioVersion = 10.0.40219.1
Project("{FAE04EC0-301F-11D3-BF4B-00C04F79EFBC}") = "01-RandomGeneratorHtmlControls", "01-RandomGeneratorHtmlControls\01-RandomGeneratorHtmlControls.csproj", "{C34D43E4-2D72-4DD6-B450-4E1C57FC52CC}"
EndProject
Project("{FAE04EC0-301F-11D3-BF4B-00C04F79EFBC}") = "02-RandomGeneratorWebControls", "02-RandomGeneratorWebControls\02-RandomGeneratorWebControls.csproj", "{343A503A-7765-432D-A9E1-5D8108A9F6F3}"
EndProject
Project("{FAE04EC0-301F-11D3-BF4B-00C04F79EFBC}") = "03-HtmlEscaping", "03-HtmlEscaping\03-HtmlEscaping.csproj", "{8B05C16E-C80B-46A7-BA1D-219E702E82D0}"
EndProject
Project("{FAE04EC0-301F-11D3-BF4B-00C04F79EFBC}") = "04-StudentRegistration", "04-StudentRegistration\04-StudentRegistration.csproj", "{06456694-A71C-4E18-8F30-46EE4E633AB1}"
EndProject
Project("{FAE04EC0-301F-11D3-BF4B-00C04F79EFBC}") = "05-Calculator", "05-Calculator\05-Calculator.csproj", "{EDAAE8AA-AA20-446A-ABE9-6956ED05D358}"
EndProject
Global
	GlobalSection(SolutionConfigurationPlatforms) = preSolution
		Debug|Any CPU = Debug|Any CPU
		Release|Any CPU = Release|Any CPU
	EndGlobalSection
	GlobalSection(ProjectConfigurationPlatforms) = postSolution
		{C34D43E4-2D72-4DD6-B450-4E1C57FC52CC}.Debug|Any CPU.ActiveCfg = Debug|Any CPU
		{C34D43E4-2D72-4DD6-B450-4E1C57FC52CC}.Debug|Any CPU.Build.0 = Debug|Any CPU
		{C34D43E4-2D72-4DD6-B450-4E1C57FC52CC}.Release|Any CPU.ActiveCfg = Release|Any CPU
		{C34D43E4-2D72-4DD6-B450-4E1C57FC52CC}.Release|Any CPU.Build.0 = Release|Any CPU
		{343A503A-7765-432D-A9E1-5D8108A9F6F3}.Debug|Any CPU.ActiveCfg = Debug|Any CPU
		{343A503A-7765-432D-A9E1-5D8108A9F6F3}.Debug|Any CPU.Build.0 = Debug|Any CPU
		{343A503A-7765-432D-A9E1-5D8108A9F6F3}.Release|Any CPU.ActiveCfg = Release|Any CPU
		{343A503A-7765-432D-A9E1-5D8108A9F6F3}.Release|Any CPU.Build.0 = Release|Any CPU
		{8B05C16E-C80B-46A7-BA1D-219E702E82D0}.Debug|Any CPU.ActiveCfg = Debug|Any CPU
		{8B05C16E-C80B-46A7-BA1D-219E702E82D0}.Debug|Any CPU.Build.0 = Debug|Any CPU
		{8B05C16E-C80B-46A7-BA1D-219E702E82D0}.Release|Any CPU.ActiveCfg = Release|Any CPU
		{8B05C16E-C80B-46A7-BA1D-219E702E82D0}.Release|Any CPU.Build.0 = Release|Any CPU
		{06456694-A71C-4E18-8F30-46EE4E633AB1}.Debug|Any CPU.ActiveCfg = Debug|Any CPU
		{06456694-A71C-4E18-8F30-46EE4E633AB1}.Debug|Any CPU.Build.0 = Debug|Any CPU
		{06456694-A71C-4E18-8F30-46EE4E633AB1}.Release|Any CPU.ActiveCfg = Release|Any CPU
		{06456694-A71C-4E18-8F30-46EE4E633AB1}.Release|Any CPU.Build.0 = Release|Any CPU
		{EDAAE8AA-AA20-446A-ABE9-6956ED05D358}.Debug|Any CPU.ActiveCfg = Debug|Any CPU
		{EDAAE8AA-AA20-446A-ABE9-6956ED05D358}.Debug|Any CPU.Build.0 = Debug|Any CPU
		{EDAAE8AA-AA20-446A-ABE9-6956ED05D358}.Release|Any CPU.ActiveCfg = Release|Any CPU
		{EDAAE8AA-AA20-446A-ABE9-6956ED05D358}.Release|Any CPU.Build.0 = Release|Any CPU
	EndGlobalSection
	GlobalSection(SolutionProperties) = preSolution
		HideSolutionNode = FALSE
	EndGlobalSection
EndGlobal
