
Microsoft Visual Studio Solution File, Format Version 12.00
# Visual Studio 2012
Project("{FAE04EC0-301F-11D3-BF4B-00C04F79EFBC}") = "01-ExchangeValue", "01-ExchangeValue\01-ExchangeValue.csproj", "{7A210447-D167-4648-B53E-4F737A297617}"
EndProject
Project("{FAE04EC0-301F-11D3-BF4B-00C04F79EFBC}") = "02-ProductSign", "02-ProductSign\02-ProductSign.csproj", "{86C40677-7813-4F75-B570-9F64E5C46842}"
EndProject
Project("{FAE04EC0-301F-11D3-BF4B-00C04F79EFBC}") = "03-BiggestInt", "03-BiggestInt\03-BiggestInt.csproj", "{610879FB-A7DF-44E8-BF4D-B27D7AA09A90}"
EndProject
Project("{FAE04EC0-301F-11D3-BF4B-00C04F79EFBC}") = "04-SortValues", "04-SortValues\04-SortValues.csproj", "{2F16A5F2-5E74-4642-99E3-21FBE1AF3753}"
EndProject
Project("{FAE04EC0-301F-11D3-BF4B-00C04F79EFBC}") = "05-DigitName", "05-DigitName\05-DigitName.csproj", "{70B98D80-C14F-4773-A1BC-369EE83C9875}"
EndProject
Project("{FAE04EC0-301F-11D3-BF4B-00C04F79EFBC}") = "06-QuadraticEquation", "06-QuadricEquation\06-QuadraticEquation.csproj", "{A5D6D410-8BCE-4870-BB28-908485B179D2}"
EndProject
Project("{FAE04EC0-301F-11D3-BF4B-00C04F79EFBC}") = "07-GreatestNumber", "07-GreatestNumber\07-GreatestNumber.csproj", "{8DE0B0B6-7F7A-4065-9040-76A20047C05D}"
EndProject
Project("{FAE04EC0-301F-11D3-BF4B-00C04F79EFBC}") = "08-UserInputType", "08-UserInputType\08-UserInputType.csproj", "{F11C83CB-55B0-4FC5-9FB5-6B6C4F8490F3}"
EndProject
Project("{FAE04EC0-301F-11D3-BF4B-00C04F79EFBC}") = "09-SubSet", "09-SubSet\09-SubSet.csproj", "{095248DF-B5FF-4AAE-B9E7-F4F761DB0D7E}"
EndProject
Global
	GlobalSection(SolutionConfigurationPlatforms) = preSolution
		Debug|Any CPU = Debug|Any CPU
		Release|Any CPU = Release|Any CPU
	EndGlobalSection
	GlobalSection(ProjectConfigurationPlatforms) = postSolution
		{7A210447-D167-4648-B53E-4F737A297617}.Debug|Any CPU.ActiveCfg = Debug|Any CPU
		{7A210447-D167-4648-B53E-4F737A297617}.Debug|Any CPU.Build.0 = Debug|Any CPU
		{7A210447-D167-4648-B53E-4F737A297617}.Release|Any CPU.ActiveCfg = Release|Any CPU
		{7A210447-D167-4648-B53E-4F737A297617}.Release|Any CPU.Build.0 = Release|Any CPU
		{86C40677-7813-4F75-B570-9F64E5C46842}.Debug|Any CPU.ActiveCfg = Debug|Any CPU
		{86C40677-7813-4F75-B570-9F64E5C46842}.Debug|Any CPU.Build.0 = Debug|Any CPU
		{86C40677-7813-4F75-B570-9F64E5C46842}.Release|Any CPU.ActiveCfg = Release|Any CPU
		{86C40677-7813-4F75-B570-9F64E5C46842}.Release|Any CPU.Build.0 = Release|Any CPU
		{610879FB-A7DF-44E8-BF4D-B27D7AA09A90}.Debug|Any CPU.ActiveCfg = Debug|Any CPU
		{610879FB-A7DF-44E8-BF4D-B27D7AA09A90}.Debug|Any CPU.Build.0 = Debug|Any CPU
		{610879FB-A7DF-44E8-BF4D-B27D7AA09A90}.Release|Any CPU.ActiveCfg = Release|Any CPU
		{610879FB-A7DF-44E8-BF4D-B27D7AA09A90}.Release|Any CPU.Build.0 = Release|Any CPU
		{2F16A5F2-5E74-4642-99E3-21FBE1AF3753}.Debug|Any CPU.ActiveCfg = Debug|Any CPU
		{2F16A5F2-5E74-4642-99E3-21FBE1AF3753}.Debug|Any CPU.Build.0 = Debug|Any CPU
		{2F16A5F2-5E74-4642-99E3-21FBE1AF3753}.Release|Any CPU.ActiveCfg = Release|Any CPU
		{2F16A5F2-5E74-4642-99E3-21FBE1AF3753}.Release|Any CPU.Build.0 = Release|Any CPU
		{70B98D80-C14F-4773-A1BC-369EE83C9875}.Debug|Any CPU.ActiveCfg = Debug|Any CPU
		{70B98D80-C14F-4773-A1BC-369EE83C9875}.Debug|Any CPU.Build.0 = Debug|Any CPU
		{70B98D80-C14F-4773-A1BC-369EE83C9875}.Release|Any CPU.ActiveCfg = Release|Any CPU
		{70B98D80-C14F-4773-A1BC-369EE83C9875}.Release|Any CPU.Build.0 = Release|Any CPU
		{A5D6D410-8BCE-4870-BB28-908485B179D2}.Debug|Any CPU.ActiveCfg = Debug|Any CPU
		{A5D6D410-8BCE-4870-BB28-908485B179D2}.Debug|Any CPU.Build.0 = Debug|Any CPU
		{A5D6D410-8BCE-4870-BB28-908485B179D2}.Release|Any CPU.ActiveCfg = Release|Any CPU
		{A5D6D410-8BCE-4870-BB28-908485B179D2}.Release|Any CPU.Build.0 = Release|Any CPU
		{8DE0B0B6-7F7A-4065-9040-76A20047C05D}.Debug|Any CPU.ActiveCfg = Debug|Any CPU
		{8DE0B0B6-7F7A-4065-9040-76A20047C05D}.Debug|Any CPU.Build.0 = Debug|Any CPU
		{8DE0B0B6-7F7A-4065-9040-76A20047C05D}.Release|Any CPU.ActiveCfg = Release|Any CPU
		{8DE0B0B6-7F7A-4065-9040-76A20047C05D}.Release|Any CPU.Build.0 = Release|Any CPU
		{F11C83CB-55B0-4FC5-9FB5-6B6C4F8490F3}.Debug|Any CPU.ActiveCfg = Debug|Any CPU
		{F11C83CB-55B0-4FC5-9FB5-6B6C4F8490F3}.Debug|Any CPU.Build.0 = Debug|Any CPU
		{F11C83CB-55B0-4FC5-9FB5-6B6C4F8490F3}.Release|Any CPU.ActiveCfg = Release|Any CPU
		{F11C83CB-55B0-4FC5-9FB5-6B6C4F8490F3}.Release|Any CPU.Build.0 = Release|Any CPU
		{095248DF-B5FF-4AAE-B9E7-F4F761DB0D7E}.Debug|Any CPU.ActiveCfg = Debug|Any CPU
		{095248DF-B5FF-4AAE-B9E7-F4F761DB0D7E}.Debug|Any CPU.Build.0 = Debug|Any CPU
		{095248DF-B5FF-4AAE-B9E7-F4F761DB0D7E}.Release|Any CPU.ActiveCfg = Release|Any CPU
		{095248DF-B5FF-4AAE-B9E7-F4F761DB0D7E}.Release|Any CPU.Build.0 = Release|Any CPU
	EndGlobalSection
	GlobalSection(SolutionProperties) = preSolution
		HideSolutionNode = FALSE
	EndGlobalSection
EndGlobal
