
Microsoft Visual Studio Solution File, Format Version 12.00
# Visual Studio 2012
Project("{FAE04EC0-301F-11D3-BF4B-00C04F79EFBC}") = "03-Slides", "03-Slides\03-Slides.csproj", "{CDBDE48B-5229-4B39-8C1D-BFA81516CDBA}"
EndProject
Project("{FAE04EC0-301F-11D3-BF4B-00C04F79EFBC}") = "01-9gagNumbers", "01-9gagNumbers\01-9gagNumbers.csproj", "{4306D3F0-ABF1-45D5-BEB4-741402F02010}"
EndProject
Project("{FAE04EC0-301F-11D3-BF4B-00C04F79EFBC}") = "02-specialValue", "02-specialValue\02-specialValue.csproj", "{40004FB4-1062-4BDD-ADDB-7F6A0FC6246F}"
EndProject
Project("{FAE04EC0-301F-11D3-BF4B-00C04F79EFBC}") = "03-3DStars", "03-3DStars\03-3DStars.csproj", "{C3A496EA-88CD-4365-AB63-FCA6AA9383E3}"
EndProject
Project("{FAE04EC0-301F-11D3-BF4B-00C04F79EFBC}") = "04-PHPVariables-Automate", "04-PHPVariables-Automate\04-PHPVariables-Automate.csproj", "{294605C6-EF7D-4940-A40C-02D1250BAB93}"
EndProject
Global
	GlobalSection(SolutionConfigurationPlatforms) = preSolution
		Debug|Any CPU = Debug|Any CPU
		Release|Any CPU = Release|Any CPU
	EndGlobalSection
	GlobalSection(ProjectConfigurationPlatforms) = postSolution
		{CDBDE48B-5229-4B39-8C1D-BFA81516CDBA}.Debug|Any CPU.ActiveCfg = Debug|Any CPU
		{CDBDE48B-5229-4B39-8C1D-BFA81516CDBA}.Debug|Any CPU.Build.0 = Debug|Any CPU
		{CDBDE48B-5229-4B39-8C1D-BFA81516CDBA}.Release|Any CPU.ActiveCfg = Release|Any CPU
		{CDBDE48B-5229-4B39-8C1D-BFA81516CDBA}.Release|Any CPU.Build.0 = Release|Any CPU
		{4306D3F0-ABF1-45D5-BEB4-741402F02010}.Debug|Any CPU.ActiveCfg = Debug|Any CPU
		{4306D3F0-ABF1-45D5-BEB4-741402F02010}.Debug|Any CPU.Build.0 = Debug|Any CPU
		{4306D3F0-ABF1-45D5-BEB4-741402F02010}.Release|Any CPU.ActiveCfg = Release|Any CPU
		{4306D3F0-ABF1-45D5-BEB4-741402F02010}.Release|Any CPU.Build.0 = Release|Any CPU
		{40004FB4-1062-4BDD-ADDB-7F6A0FC6246F}.Debug|Any CPU.ActiveCfg = Debug|Any CPU
		{40004FB4-1062-4BDD-ADDB-7F6A0FC6246F}.Debug|Any CPU.Build.0 = Debug|Any CPU
		{40004FB4-1062-4BDD-ADDB-7F6A0FC6246F}.Release|Any CPU.ActiveCfg = Release|Any CPU
		{40004FB4-1062-4BDD-ADDB-7F6A0FC6246F}.Release|Any CPU.Build.0 = Release|Any CPU
		{C3A496EA-88CD-4365-AB63-FCA6AA9383E3}.Debug|Any CPU.ActiveCfg = Debug|Any CPU
		{C3A496EA-88CD-4365-AB63-FCA6AA9383E3}.Debug|Any CPU.Build.0 = Debug|Any CPU
		{C3A496EA-88CD-4365-AB63-FCA6AA9383E3}.Release|Any CPU.ActiveCfg = Release|Any CPU
		{C3A496EA-88CD-4365-AB63-FCA6AA9383E3}.Release|Any CPU.Build.0 = Release|Any CPU
		{294605C6-EF7D-4940-A40C-02D1250BAB93}.Debug|Any CPU.ActiveCfg = Debug|Any CPU
		{294605C6-EF7D-4940-A40C-02D1250BAB93}.Debug|Any CPU.Build.0 = Debug|Any CPU
		{294605C6-EF7D-4940-A40C-02D1250BAB93}.Release|Any CPU.ActiveCfg = Release|Any CPU
		{294605C6-EF7D-4940-A40C-02D1250BAB93}.Release|Any CPU.Build.0 = Release|Any CPU
	EndGlobalSection
	GlobalSection(SolutionProperties) = preSolution
		HideSolutionNode = FALSE
	EndGlobalSection
EndGlobal
