
Microsoft Visual Studio Solution File, Format Version 12.00
# Visual Studio 2012
Project("{FAE04EC0-301F-11D3-BF4B-00C04F79EFBC}") = "03-Slides", "03-Slides\03-Slides.csproj", "{CDBDE48B-5229-4B39-8C1D-BFA81516CDBA}"
EndProject
Global
	GlobalSection(SolutionConfigurationPlatforms) = preSolution
		Debug|Any CPU = Debug|Any CPU
		Release|Any CPU = Release|Any CPU
	EndGlobalSection
	GlobalSection(ProjectConfigurationPlatforms) = postSolution
		{CDBDE48B-5229-4B39-8C1D-BFA81516CDBA}.Debug|Any CPU.ActiveCfg = Debug|Any CPU
		{CDBDE48B-5229-4B39-8C1D-BFA81516CDBA}.Debug|Any CPU.Build.0 = Debug|Any CPU
		{CDBDE48B-5229-4B39-8C1D-BFA81516CDBA}.Release|Any CPU.ActiveCfg = Release|Any CPU
		{CDBDE48B-5229-4B39-8C1D-BFA81516CDBA}.Release|Any CPU.Build.0 = Release|Any CPU
	EndGlobalSection
	GlobalSection(SolutionProperties) = preSolution
		HideSolutionNode = FALSE
	EndGlobalSection
EndGlobal
