
Microsoft Visual Studio Solution File, Format Version 12.00
# Visual Studio 2012
Project("{FAE04EC0-301F-11D3-BF4B-00C04F79EFBC}") = "01-CartesianCoordinateSystem", "01-CartesianCoordinateSystem\01-CartesianCoordinateSystem.csproj", "{693BA833-01B7-49B0-BCF1-E580F0E7A0B7}"
EndProject
Project("{FAE04EC0-301F-11D3-BF4B-00C04F79EFBC}") = "02-MissCat", "02-MissCat\02-MissCat.csproj", "{8D36BB34-2863-429C-AB34-03C4B8430A02}"
EndProject
Project("{FAE04EC0-301F-11D3-BF4B-00C04F79EFBC}") = "03-ForestRoad", "03-ForestRoad\03-ForestRoad.csproj", "{2330E624-2A33-4BA8-8A0A-3311EC11390F}"
EndProject
Project("{FAE04EC0-301F-11D3-BF4B-00C04F79EFBC}") = "04-BinaryDigitsCount", "04-BinaryDigitsCount\04-BinaryDigitsCount.csproj", "{3E6A2BB2-8782-47B1-A240-D6B2427F71C8}"
EndProject
Project("{FAE04EC0-301F-11D3-BF4B-00C04F79EFBC}") = "05-SubsetSums", "05-SubsetSums\05-SubsetSums.csproj", "{54B34A0C-7D0E-4C84-B791-5941B8DF744C}"
EndProject
Global
	GlobalSection(SolutionConfigurationPlatforms) = preSolution
		Debug|Any CPU = Debug|Any CPU
		Release|Any CPU = Release|Any CPU
	EndGlobalSection
	GlobalSection(ProjectConfigurationPlatforms) = postSolution
		{693BA833-01B7-49B0-BCF1-E580F0E7A0B7}.Debug|Any CPU.ActiveCfg = Debug|Any CPU
		{693BA833-01B7-49B0-BCF1-E580F0E7A0B7}.Debug|Any CPU.Build.0 = Debug|Any CPU
		{693BA833-01B7-49B0-BCF1-E580F0E7A0B7}.Release|Any CPU.ActiveCfg = Release|Any CPU
		{693BA833-01B7-49B0-BCF1-E580F0E7A0B7}.Release|Any CPU.Build.0 = Release|Any CPU
		{8D36BB34-2863-429C-AB34-03C4B8430A02}.Debug|Any CPU.ActiveCfg = Debug|Any CPU
		{8D36BB34-2863-429C-AB34-03C4B8430A02}.Debug|Any CPU.Build.0 = Debug|Any CPU
		{8D36BB34-2863-429C-AB34-03C4B8430A02}.Release|Any CPU.ActiveCfg = Release|Any CPU
		{8D36BB34-2863-429C-AB34-03C4B8430A02}.Release|Any CPU.Build.0 = Release|Any CPU
		{2330E624-2A33-4BA8-8A0A-3311EC11390F}.Debug|Any CPU.ActiveCfg = Debug|Any CPU
		{2330E624-2A33-4BA8-8A0A-3311EC11390F}.Debug|Any CPU.Build.0 = Debug|Any CPU
		{2330E624-2A33-4BA8-8A0A-3311EC11390F}.Release|Any CPU.ActiveCfg = Release|Any CPU
		{2330E624-2A33-4BA8-8A0A-3311EC11390F}.Release|Any CPU.Build.0 = Release|Any CPU
		{3E6A2BB2-8782-47B1-A240-D6B2427F71C8}.Debug|Any CPU.ActiveCfg = Debug|Any CPU
		{3E6A2BB2-8782-47B1-A240-D6B2427F71C8}.Debug|Any CPU.Build.0 = Debug|Any CPU
		{3E6A2BB2-8782-47B1-A240-D6B2427F71C8}.Release|Any CPU.ActiveCfg = Release|Any CPU
		{3E6A2BB2-8782-47B1-A240-D6B2427F71C8}.Release|Any CPU.Build.0 = Release|Any CPU
		{54B34A0C-7D0E-4C84-B791-5941B8DF744C}.Debug|Any CPU.ActiveCfg = Debug|Any CPU
		{54B34A0C-7D0E-4C84-B791-5941B8DF744C}.Debug|Any CPU.Build.0 = Debug|Any CPU
		{54B34A0C-7D0E-4C84-B791-5941B8DF744C}.Release|Any CPU.ActiveCfg = Release|Any CPU
		{54B34A0C-7D0E-4C84-B791-5941B8DF744C}.Release|Any CPU.Build.0 = Release|Any CPU
	EndGlobalSection
	GlobalSection(SolutionProperties) = preSolution
		HideSolutionNode = FALSE
	EndGlobalSection
EndGlobal
