
Microsoft Visual Studio Solution File, Format Version 12.00
# Visual Studio 2012
Project("{FAE04EC0-301F-11D3-BF4B-00C04F79EFBC}") = "01-ArrayX5", "01-ArrayX5\01-ArrayX5.csproj", "{0B88978D-F785-40B5-B4D5-29E26E5BB5B6}"
EndProject
Project("{FAE04EC0-301F-11D3-BF4B-00C04F79EFBC}") = "02-CompareArrays", "02-CompareArrays\02-CompareArrays.csproj", "{EDD86E72-0D07-41E1-B3AB-7748CBFEFEB9}"
EndProject
Project("{FAE04EC0-301F-11D3-BF4B-00C04F79EFBC}") = "03-CompareCharArray", "03-CompareCharArray\03-CompareCharArray.csproj", "{8CA39332-CD17-4291-9657-8AA584E2461B}"
EndProject
Project("{FAE04EC0-301F-11D3-BF4B-00C04F79EFBC}") = "04-MaximalSequence", "04-MaximalSequence\04-MaximalSequence.csproj", "{8AF747C5-C8D5-4C40-9BA4-5426D71BB15B}"
EndProject
Project("{FAE04EC0-301F-11D3-BF4B-00C04F79EFBC}") = "05-MaxIncreasingSequence", "05-MaxIncreasingSequence\05-MaxIncreasingSequence.csproj", "{D8143583-153E-4613-A87A-E86A3B78831D}"
EndProject
Project("{FAE04EC0-301F-11D3-BF4B-00C04F79EFBC}") = "20-AllVariations", "20-AllVariations\20-AllVariations.csproj", "{57C34FE1-4EB4-4BD1-A576-75C30239B08B}"
EndProject
Project("{FAE04EC0-301F-11D3-BF4B-00C04F79EFBC}") = "06-MaxSum", "06-MaxSum\06-MaxSum.csproj", "{5F81AE80-F537-410E-A9D3-5418792839BB}"
EndProject
Project("{FAE04EC0-301F-11D3-BF4B-00C04F79EFBC}") = "07-SelectionSort", "07-SelectionSort\07-SelectionSort.csproj", "{DFD74EC1-63BB-4CC8-B648-91E0F77BC5E1}"
EndProject
Project("{FAE04EC0-301F-11D3-BF4B-00C04F79EFBC}") = "08-MaxSumSeq", "08-MaxSumSeq\08-MaxSumSeq.csproj", "{BA66B8F5-068B-43F7-A228-73C75996D3DA}"
EndProject
Project("{FAE04EC0-301F-11D3-BF4B-00C04F79EFBC}") = "09-MostFrequent", "09-MostFrequent\09-MostFrequent.csproj", "{CF13D8FE-4709-48BF-8302-390ED327BA9E}"
EndProject
Project("{FAE04EC0-301F-11D3-BF4B-00C04F79EFBC}") = "09-MostFrequentLINQ", "09-MostFrequentLINQ\09-MostFrequentLINQ.csproj", "{635D5315-B53D-4805-AE12-EEF06ECCD60F}"
EndProject
Project("{FAE04EC0-301F-11D3-BF4B-00C04F79EFBC}") = "10-SeqGivenSum", "10-SeqGivenSum\10-SeqGivenSum.csproj", "{8F62EC5F-BDB6-4225-A814-CD6D7C809A06}"
EndProject
Project("{FAE04EC0-301F-11D3-BF4B-00C04F79EFBC}") = "11-BinarySearch", "11-BinarySearch\11-BinarySearch.csproj", "{4B22B7D9-E11D-46EA-BD49-EA43D44AB2C6}"
EndProject
Project("{FAE04EC0-301F-11D3-BF4B-00C04F79EFBC}") = "12-WordIndexes", "12-WordIndexes\12-WordIndexes.csproj", "{9765FCCD-A28E-448E-BA3A-649A78E1F982}"
EndProject
Project("{FAE04EC0-301F-11D3-BF4B-00C04F79EFBC}") = "13-MergeSort", "13-MergeSort\13-MergeSort.csproj", "{6A21341D-65D8-4B84-B4E2-0881EF918BFD}"
EndProject
Project("{FAE04EC0-301F-11D3-BF4B-00C04F79EFBC}") = "14-QuickSort", "14-QuickSort\14-QuickSort.csproj", "{807CCFD6-19FC-4C65-8255-F845775B4257}"
EndProject
Project("{FAE04EC0-301F-11D3-BF4B-00C04F79EFBC}") = "15-SieveEratosthenes", "15-SieveEratosthenes\15-SieveEratosthenes.csproj", "{7E9C92ED-5ECD-4DFD-8BB5-DAA1315FC050}"
EndProject
Project("{FAE04EC0-301F-11D3-BF4B-00C04F79EFBC}") = "16-SubsetSum", "16-SubsetSum\16-SubsetSum.csproj", "{3BFA490A-0FD4-4AD7-B8F5-1B769A957E62}"
EndProject
Project("{FAE04EC0-301F-11D3-BF4B-00C04F79EFBC}") = "19-Permutations", "19-Permutations\19-Permutations.csproj", "{A017B07D-3C80-4CE5-B3A2-21460FD2E2DC}"
EndProject
Project("{FAE04EC0-301F-11D3-BF4B-00C04F79EFBC}") = "17-SubsetSumInput", "17-SubsetSumInput\17-SubsetSumInput.csproj", "{03C91961-77DB-4FD4-AC0F-DE1D4EDD595C}"
EndProject
Project("{FAE04EC0-301F-11D3-BF4B-00C04F79EFBC}") = "18-LongestIncreasingSubsequence", "18-LongestIncreasingSubsequence\18-LongestIncreasingSubsequence.csproj", "{C4E6F1DC-8F95-457F-9862-6597A79A774E}"
EndProject
Project("{FAE04EC0-301F-11D3-BF4B-00C04F79EFBC}") = "21-Combinations", "21-Combinations\21-Combinations.csproj", "{321756FC-B635-439F-9A2F-7E90847C7FD9}"
EndProject
Global
	GlobalSection(SolutionConfigurationPlatforms) = preSolution
		Debug|Any CPU = Debug|Any CPU
		Release|Any CPU = Release|Any CPU
	EndGlobalSection
	GlobalSection(ProjectConfigurationPlatforms) = postSolution
		{0B88978D-F785-40B5-B4D5-29E26E5BB5B6}.Debug|Any CPU.ActiveCfg = Debug|Any CPU
		{0B88978D-F785-40B5-B4D5-29E26E5BB5B6}.Debug|Any CPU.Build.0 = Debug|Any CPU
		{0B88978D-F785-40B5-B4D5-29E26E5BB5B6}.Release|Any CPU.ActiveCfg = Release|Any CPU
		{0B88978D-F785-40B5-B4D5-29E26E5BB5B6}.Release|Any CPU.Build.0 = Release|Any CPU
		{EDD86E72-0D07-41E1-B3AB-7748CBFEFEB9}.Debug|Any CPU.ActiveCfg = Debug|Any CPU
		{EDD86E72-0D07-41E1-B3AB-7748CBFEFEB9}.Debug|Any CPU.Build.0 = Debug|Any CPU
		{EDD86E72-0D07-41E1-B3AB-7748CBFEFEB9}.Release|Any CPU.ActiveCfg = Release|Any CPU
		{EDD86E72-0D07-41E1-B3AB-7748CBFEFEB9}.Release|Any CPU.Build.0 = Release|Any CPU
		{8CA39332-CD17-4291-9657-8AA584E2461B}.Debug|Any CPU.ActiveCfg = Debug|Any CPU
		{8CA39332-CD17-4291-9657-8AA584E2461B}.Debug|Any CPU.Build.0 = Debug|Any CPU
		{8CA39332-CD17-4291-9657-8AA584E2461B}.Release|Any CPU.ActiveCfg = Release|Any CPU
		{8CA39332-CD17-4291-9657-8AA584E2461B}.Release|Any CPU.Build.0 = Release|Any CPU
		{8AF747C5-C8D5-4C40-9BA4-5426D71BB15B}.Debug|Any CPU.ActiveCfg = Debug|Any CPU
		{8AF747C5-C8D5-4C40-9BA4-5426D71BB15B}.Debug|Any CPU.Build.0 = Debug|Any CPU
		{8AF747C5-C8D5-4C40-9BA4-5426D71BB15B}.Release|Any CPU.ActiveCfg = Release|Any CPU
		{8AF747C5-C8D5-4C40-9BA4-5426D71BB15B}.Release|Any CPU.Build.0 = Release|Any CPU
		{D8143583-153E-4613-A87A-E86A3B78831D}.Debug|Any CPU.ActiveCfg = Debug|Any CPU
		{D8143583-153E-4613-A87A-E86A3B78831D}.Debug|Any CPU.Build.0 = Debug|Any CPU
		{D8143583-153E-4613-A87A-E86A3B78831D}.Release|Any CPU.ActiveCfg = Release|Any CPU
		{D8143583-153E-4613-A87A-E86A3B78831D}.Release|Any CPU.Build.0 = Release|Any CPU
		{57C34FE1-4EB4-4BD1-A576-75C30239B08B}.Debug|Any CPU.ActiveCfg = Debug|Any CPU
		{57C34FE1-4EB4-4BD1-A576-75C30239B08B}.Debug|Any CPU.Build.0 = Debug|Any CPU
		{57C34FE1-4EB4-4BD1-A576-75C30239B08B}.Release|Any CPU.ActiveCfg = Release|Any CPU
		{57C34FE1-4EB4-4BD1-A576-75C30239B08B}.Release|Any CPU.Build.0 = Release|Any CPU
		{5F81AE80-F537-410E-A9D3-5418792839BB}.Debug|Any CPU.ActiveCfg = Debug|Any CPU
		{5F81AE80-F537-410E-A9D3-5418792839BB}.Debug|Any CPU.Build.0 = Debug|Any CPU
		{5F81AE80-F537-410E-A9D3-5418792839BB}.Release|Any CPU.ActiveCfg = Release|Any CPU
		{5F81AE80-F537-410E-A9D3-5418792839BB}.Release|Any CPU.Build.0 = Release|Any CPU
		{DFD74EC1-63BB-4CC8-B648-91E0F77BC5E1}.Debug|Any CPU.ActiveCfg = Debug|Any CPU
		{DFD74EC1-63BB-4CC8-B648-91E0F77BC5E1}.Debug|Any CPU.Build.0 = Debug|Any CPU
		{DFD74EC1-63BB-4CC8-B648-91E0F77BC5E1}.Release|Any CPU.ActiveCfg = Release|Any CPU
		{DFD74EC1-63BB-4CC8-B648-91E0F77BC5E1}.Release|Any CPU.Build.0 = Release|Any CPU
		{BA66B8F5-068B-43F7-A228-73C75996D3DA}.Debug|Any CPU.ActiveCfg = Debug|Any CPU
		{BA66B8F5-068B-43F7-A228-73C75996D3DA}.Debug|Any CPU.Build.0 = Debug|Any CPU
		{BA66B8F5-068B-43F7-A228-73C75996D3DA}.Release|Any CPU.ActiveCfg = Release|Any CPU
		{BA66B8F5-068B-43F7-A228-73C75996D3DA}.Release|Any CPU.Build.0 = Release|Any CPU
		{CF13D8FE-4709-48BF-8302-390ED327BA9E}.Debug|Any CPU.ActiveCfg = Debug|Any CPU
		{CF13D8FE-4709-48BF-8302-390ED327BA9E}.Debug|Any CPU.Build.0 = Debug|Any CPU
		{CF13D8FE-4709-48BF-8302-390ED327BA9E}.Release|Any CPU.ActiveCfg = Release|Any CPU
		{CF13D8FE-4709-48BF-8302-390ED327BA9E}.Release|Any CPU.Build.0 = Release|Any CPU
		{635D5315-B53D-4805-AE12-EEF06ECCD60F}.Debug|Any CPU.ActiveCfg = Debug|Any CPU
		{635D5315-B53D-4805-AE12-EEF06ECCD60F}.Debug|Any CPU.Build.0 = Debug|Any CPU
		{635D5315-B53D-4805-AE12-EEF06ECCD60F}.Release|Any CPU.ActiveCfg = Release|Any CPU
		{635D5315-B53D-4805-AE12-EEF06ECCD60F}.Release|Any CPU.Build.0 = Release|Any CPU
		{8F62EC5F-BDB6-4225-A814-CD6D7C809A06}.Debug|Any CPU.ActiveCfg = Debug|Any CPU
		{8F62EC5F-BDB6-4225-A814-CD6D7C809A06}.Debug|Any CPU.Build.0 = Debug|Any CPU
		{8F62EC5F-BDB6-4225-A814-CD6D7C809A06}.Release|Any CPU.ActiveCfg = Release|Any CPU
		{8F62EC5F-BDB6-4225-A814-CD6D7C809A06}.Release|Any CPU.Build.0 = Release|Any CPU
		{4B22B7D9-E11D-46EA-BD49-EA43D44AB2C6}.Debug|Any CPU.ActiveCfg = Debug|Any CPU
		{4B22B7D9-E11D-46EA-BD49-EA43D44AB2C6}.Debug|Any CPU.Build.0 = Debug|Any CPU
		{4B22B7D9-E11D-46EA-BD49-EA43D44AB2C6}.Release|Any CPU.ActiveCfg = Release|Any CPU
		{4B22B7D9-E11D-46EA-BD49-EA43D44AB2C6}.Release|Any CPU.Build.0 = Release|Any CPU
		{9765FCCD-A28E-448E-BA3A-649A78E1F982}.Debug|Any CPU.ActiveCfg = Debug|Any CPU
		{9765FCCD-A28E-448E-BA3A-649A78E1F982}.Debug|Any CPU.Build.0 = Debug|Any CPU
		{9765FCCD-A28E-448E-BA3A-649A78E1F982}.Release|Any CPU.ActiveCfg = Release|Any CPU
		{9765FCCD-A28E-448E-BA3A-649A78E1F982}.Release|Any CPU.Build.0 = Release|Any CPU
		{6A21341D-65D8-4B84-B4E2-0881EF918BFD}.Debug|Any CPU.ActiveCfg = Debug|Any CPU
		{6A21341D-65D8-4B84-B4E2-0881EF918BFD}.Debug|Any CPU.Build.0 = Debug|Any CPU
		{6A21341D-65D8-4B84-B4E2-0881EF918BFD}.Release|Any CPU.ActiveCfg = Release|Any CPU
		{6A21341D-65D8-4B84-B4E2-0881EF918BFD}.Release|Any CPU.Build.0 = Release|Any CPU
		{807CCFD6-19FC-4C65-8255-F845775B4257}.Debug|Any CPU.ActiveCfg = Debug|Any CPU
		{807CCFD6-19FC-4C65-8255-F845775B4257}.Debug|Any CPU.Build.0 = Debug|Any CPU
		{807CCFD6-19FC-4C65-8255-F845775B4257}.Release|Any CPU.ActiveCfg = Release|Any CPU
		{807CCFD6-19FC-4C65-8255-F845775B4257}.Release|Any CPU.Build.0 = Release|Any CPU
		{7E9C92ED-5ECD-4DFD-8BB5-DAA1315FC050}.Debug|Any CPU.ActiveCfg = Debug|Any CPU
		{7E9C92ED-5ECD-4DFD-8BB5-DAA1315FC050}.Debug|Any CPU.Build.0 = Debug|Any CPU
		{7E9C92ED-5ECD-4DFD-8BB5-DAA1315FC050}.Release|Any CPU.ActiveCfg = Release|Any CPU
		{7E9C92ED-5ECD-4DFD-8BB5-DAA1315FC050}.Release|Any CPU.Build.0 = Release|Any CPU
		{3BFA490A-0FD4-4AD7-B8F5-1B769A957E62}.Debug|Any CPU.ActiveCfg = Debug|Any CPU
		{3BFA490A-0FD4-4AD7-B8F5-1B769A957E62}.Debug|Any CPU.Build.0 = Debug|Any CPU
		{3BFA490A-0FD4-4AD7-B8F5-1B769A957E62}.Release|Any CPU.ActiveCfg = Release|Any CPU
		{3BFA490A-0FD4-4AD7-B8F5-1B769A957E62}.Release|Any CPU.Build.0 = Release|Any CPU
		{A017B07D-3C80-4CE5-B3A2-21460FD2E2DC}.Debug|Any CPU.ActiveCfg = Debug|Any CPU
		{A017B07D-3C80-4CE5-B3A2-21460FD2E2DC}.Debug|Any CPU.Build.0 = Debug|Any CPU
		{A017B07D-3C80-4CE5-B3A2-21460FD2E2DC}.Release|Any CPU.ActiveCfg = Release|Any CPU
		{A017B07D-3C80-4CE5-B3A2-21460FD2E2DC}.Release|Any CPU.Build.0 = Release|Any CPU
		{03C91961-77DB-4FD4-AC0F-DE1D4EDD595C}.Debug|Any CPU.ActiveCfg = Debug|Any CPU
		{03C91961-77DB-4FD4-AC0F-DE1D4EDD595C}.Debug|Any CPU.Build.0 = Debug|Any CPU
		{03C91961-77DB-4FD4-AC0F-DE1D4EDD595C}.Release|Any CPU.ActiveCfg = Release|Any CPU
		{03C91961-77DB-4FD4-AC0F-DE1D4EDD595C}.Release|Any CPU.Build.0 = Release|Any CPU
		{C4E6F1DC-8F95-457F-9862-6597A79A774E}.Debug|Any CPU.ActiveCfg = Debug|Any CPU
		{C4E6F1DC-8F95-457F-9862-6597A79A774E}.Debug|Any CPU.Build.0 = Debug|Any CPU
		{C4E6F1DC-8F95-457F-9862-6597A79A774E}.Release|Any CPU.ActiveCfg = Release|Any CPU
		{C4E6F1DC-8F95-457F-9862-6597A79A774E}.Release|Any CPU.Build.0 = Release|Any CPU
		{321756FC-B635-439F-9A2F-7E90847C7FD9}.Debug|Any CPU.ActiveCfg = Debug|Any CPU
		{321756FC-B635-439F-9A2F-7E90847C7FD9}.Debug|Any CPU.Build.0 = Debug|Any CPU
		{321756FC-B635-439F-9A2F-7E90847C7FD9}.Release|Any CPU.ActiveCfg = Release|Any CPU
		{321756FC-B635-439F-9A2F-7E90847C7FD9}.Release|Any CPU.Build.0 = Release|Any CPU
	EndGlobalSection
	GlobalSection(SolutionProperties) = preSolution
		HideSolutionNode = FALSE
	EndGlobalSection
EndGlobal
