
Microsoft Visual Studio Solution File, Format Version 12.00
# Visual Studio 2012
Project("{FAE04EC0-301F-11D3-BF4B-00C04F79EFBC}") = "01-ArrayX5", "01-ArrayX5\01-ArrayX5.csproj", "{0B88978D-F785-40B5-B4D5-29E26E5BB5B6}"
EndProject
Project("{FAE04EC0-301F-11D3-BF4B-00C04F79EFBC}") = "02-CompareArrays", "02-CompareArrays\02-CompareArrays.csproj", "{EDD86E72-0D07-41E1-B3AB-7748CBFEFEB9}"
EndProject
Project("{FAE04EC0-301F-11D3-BF4B-00C04F79EFBC}") = "03-CompareCharArray", "03-CompareCharArray\03-CompareCharArray.csproj", "{8CA39332-CD17-4291-9657-8AA584E2461B}"
EndProject
Project("{FAE04EC0-301F-11D3-BF4B-00C04F79EFBC}") = "04-MaximalSequence", "04-MaximalSequence\04-MaximalSequence.csproj", "{8AF747C5-C8D5-4C40-9BA4-5426D71BB15B}"
EndProject
Project("{FAE04EC0-301F-11D3-BF4B-00C04F79EFBC}") = "05-MaxIncreasingSequence", "05-MaxIncreasingSequence\05-MaxIncreasingSequence.csproj", "{D8143583-153E-4613-A87A-E86A3B78831D}"
EndProject
Project("{FAE04EC0-301F-11D3-BF4B-00C04F79EFBC}") = "20-AllVariations", "20-AllVariations\20-AllVariations.csproj", "{57C34FE1-4EB4-4BD1-A576-75C30239B08B}"
EndProject
Global
	GlobalSection(SolutionConfigurationPlatforms) = preSolution
		Debug|Any CPU = Debug|Any CPU
		Release|Any CPU = Release|Any CPU
	EndGlobalSection
	GlobalSection(ProjectConfigurationPlatforms) = postSolution
		{0B88978D-F785-40B5-B4D5-29E26E5BB5B6}.Debug|Any CPU.ActiveCfg = Debug|Any CPU
		{0B88978D-F785-40B5-B4D5-29E26E5BB5B6}.Debug|Any CPU.Build.0 = Debug|Any CPU
		{0B88978D-F785-40B5-B4D5-29E26E5BB5B6}.Release|Any CPU.ActiveCfg = Release|Any CPU
		{0B88978D-F785-40B5-B4D5-29E26E5BB5B6}.Release|Any CPU.Build.0 = Release|Any CPU
		{EDD86E72-0D07-41E1-B3AB-7748CBFEFEB9}.Debug|Any CPU.ActiveCfg = Debug|Any CPU
		{EDD86E72-0D07-41E1-B3AB-7748CBFEFEB9}.Debug|Any CPU.Build.0 = Debug|Any CPU
		{EDD86E72-0D07-41E1-B3AB-7748CBFEFEB9}.Release|Any CPU.ActiveCfg = Release|Any CPU
		{EDD86E72-0D07-41E1-B3AB-7748CBFEFEB9}.Release|Any CPU.Build.0 = Release|Any CPU
		{8CA39332-CD17-4291-9657-8AA584E2461B}.Debug|Any CPU.ActiveCfg = Debug|Any CPU
		{8CA39332-CD17-4291-9657-8AA584E2461B}.Debug|Any CPU.Build.0 = Debug|Any CPU
		{8CA39332-CD17-4291-9657-8AA584E2461B}.Release|Any CPU.ActiveCfg = Release|Any CPU
		{8CA39332-CD17-4291-9657-8AA584E2461B}.Release|Any CPU.Build.0 = Release|Any CPU
		{8AF747C5-C8D5-4C40-9BA4-5426D71BB15B}.Debug|Any CPU.ActiveCfg = Debug|Any CPU
		{8AF747C5-C8D5-4C40-9BA4-5426D71BB15B}.Debug|Any CPU.Build.0 = Debug|Any CPU
		{8AF747C5-C8D5-4C40-9BA4-5426D71BB15B}.Release|Any CPU.ActiveCfg = Release|Any CPU
		{8AF747C5-C8D5-4C40-9BA4-5426D71BB15B}.Release|Any CPU.Build.0 = Release|Any CPU
		{D8143583-153E-4613-A87A-E86A3B78831D}.Debug|Any CPU.ActiveCfg = Debug|Any CPU
		{D8143583-153E-4613-A87A-E86A3B78831D}.Debug|Any CPU.Build.0 = Debug|Any CPU
		{D8143583-153E-4613-A87A-E86A3B78831D}.Release|Any CPU.ActiveCfg = Release|Any CPU
		{D8143583-153E-4613-A87A-E86A3B78831D}.Release|Any CPU.Build.0 = Release|Any CPU
		{57C34FE1-4EB4-4BD1-A576-75C30239B08B}.Debug|Any CPU.ActiveCfg = Debug|Any CPU
		{57C34FE1-4EB4-4BD1-A576-75C30239B08B}.Debug|Any CPU.Build.0 = Debug|Any CPU
		{57C34FE1-4EB4-4BD1-A576-75C30239B08B}.Release|Any CPU.ActiveCfg = Release|Any CPU
		{57C34FE1-4EB4-4BD1-A576-75C30239B08B}.Release|Any CPU.Build.0 = Release|Any CPU
	EndGlobalSection
	GlobalSection(SolutionProperties) = preSolution
		HideSolutionNode = FALSE
	EndGlobalSection
EndGlobal
