
Microsoft Visual Studio Solution File, Format Version 12.00
# Visual Studio 2013
VisualStudioVersion = 12.0.21005.1
MinimumVisualStudioVersion = 10.0.40219.1
Project("{FAE04EC0-301F-11D3-BF4B-00C04F79EFBC}") = "Cars.Models", "Cars.Models\Cars.Models.csproj", "{11CABBD5-DBCC-4710-A612-941AC0413E4F}"
EndProject
Project("{FAE04EC0-301F-11D3-BF4B-00C04F79EFBC}") = "Cars.Data", "Cars.Data\Cars.Data.csproj", "{9F2F2F41-4598-47BF-AC4E-5CF849B1FDA5}"
EndProject
Project("{FAE04EC0-301F-11D3-BF4B-00C04F79EFBC}") = "Cars.Importer", "Cars.Importer\Cars.Importer.csproj", "{CC974E95-8329-4FF9-AD28-9D08B7630A0B}"
EndProject
Project("{2150E333-8FDC-42A3-9474-1A3956D46DE8}") = ".nuget", ".nuget", "{35A7422B-7042-4412-9A03-15F814B32C02}"
	ProjectSection(SolutionItems) = preProject
		.nuget\NuGet.Config = .nuget\NuGet.Config
		.nuget\NuGet.exe = .nuget\NuGet.exe
		.nuget\NuGet.targets = .nuget\NuGet.targets
	EndProjectSection
EndProject
Project("{FAE04EC0-301F-11D3-BF4B-00C04F79EFBC}") = "Cars.XMLSearcher", "Cars.XMLSearcher\Cars.XMLSearcher.csproj", "{E9DF59F6-DDE4-4C83-89B9-CFB91C9F8CB3}"
EndProject
Global
	GlobalSection(SolutionConfigurationPlatforms) = preSolution
		Debug|Any CPU = Debug|Any CPU
		Release|Any CPU = Release|Any CPU
	EndGlobalSection
	GlobalSection(ProjectConfigurationPlatforms) = postSolution
		{11CABBD5-DBCC-4710-A612-941AC0413E4F}.Debug|Any CPU.ActiveCfg = Debug|Any CPU
		{11CABBD5-DBCC-4710-A612-941AC0413E4F}.Debug|Any CPU.Build.0 = Debug|Any CPU
		{11CABBD5-DBCC-4710-A612-941AC0413E4F}.Release|Any CPU.ActiveCfg = Release|Any CPU
		{11CABBD5-DBCC-4710-A612-941AC0413E4F}.Release|Any CPU.Build.0 = Release|Any CPU
		{9F2F2F41-4598-47BF-AC4E-5CF849B1FDA5}.Debug|Any CPU.ActiveCfg = Debug|Any CPU
		{9F2F2F41-4598-47BF-AC4E-5CF849B1FDA5}.Debug|Any CPU.Build.0 = Debug|Any CPU
		{9F2F2F41-4598-47BF-AC4E-5CF849B1FDA5}.Release|Any CPU.ActiveCfg = Release|Any CPU
		{9F2F2F41-4598-47BF-AC4E-5CF849B1FDA5}.Release|Any CPU.Build.0 = Release|Any CPU
		{CC974E95-8329-4FF9-AD28-9D08B7630A0B}.Debug|Any CPU.ActiveCfg = Debug|Any CPU
		{CC974E95-8329-4FF9-AD28-9D08B7630A0B}.Debug|Any CPU.Build.0 = Debug|Any CPU
		{CC974E95-8329-4FF9-AD28-9D08B7630A0B}.Release|Any CPU.ActiveCfg = Release|Any CPU
		{CC974E95-8329-4FF9-AD28-9D08B7630A0B}.Release|Any CPU.Build.0 = Release|Any CPU
		{E9DF59F6-DDE4-4C83-89B9-CFB91C9F8CB3}.Debug|Any CPU.ActiveCfg = Debug|Any CPU
		{E9DF59F6-DDE4-4C83-89B9-CFB91C9F8CB3}.Debug|Any CPU.Build.0 = Debug|Any CPU
		{E9DF59F6-DDE4-4C83-89B9-CFB91C9F8CB3}.Release|Any CPU.ActiveCfg = Release|Any CPU
		{E9DF59F6-DDE4-4C83-89B9-CFB91C9F8CB3}.Release|Any CPU.Build.0 = Release|Any CPU
	EndGlobalSection
	GlobalSection(SolutionProperties) = preSolution
		HideSolutionNode = FALSE
	EndGlobalSection
EndGlobal
