
Microsoft Visual Studio Solution File, Format Version 12.00
# Visual Studio 2013
VisualStudioVersion = 12.0.21005.1
MinimumVisualStudioVersion = 10.0.40219.1
Project("{FAE04EC0-301F-11D3-BF4B-00C04F79EFBC}") = "00-TestingMongo", "00-TestingMongo\00-TestingMongo.csproj", "{E1CC35BF-B3C2-43D8-9D4D-19EB5AAF96A9}"
EndProject
Project("{FAE04EC0-301F-11D3-BF4B-00C04F79EFBC}") = "00-01-MongoLabTesting", "00-01-MongoLabTesting\00-01-MongoLabTesting.csproj", "{512D2D44-CA44-428F-A414-CE4539A27F96}"
EndProject
Project("{FAE04EC0-301F-11D3-BF4B-00C04F79EFBC}") = "MongoChat", "MongoChat\MongoChat.csproj", "{70A27A1B-F7BF-40B6-AC1B-3469AF78D9EB}"
EndProject
Project("{FAE04EC0-301F-11D3-BF4B-00C04F79EFBC}") = "MongoChat.Data", "MongoChat.Data\MongoChat.Data.csproj", "{F47CDA2E-2BB1-40A7-9B55-BEE4836C472D}"
EndProject
Project("{2150E333-8FDC-42A3-9474-1A3956D46DE8}") = "Client", "Client", "{65C0E56E-D50F-4A27-8678-69F245116C3B}"
EndProject
Project("{2150E333-8FDC-42A3-9474-1A3956D46DE8}") = "Data", "Data", "{F67F914A-ECFB-4210-B8B8-A5D38044ADF8}"
EndProject
Project("{2150E333-8FDC-42A3-9474-1A3956D46DE8}") = "Testing", "Testing", "{325AADEF-D713-4E91-8523-4CC54A8E2A2E}"
EndProject
Global
	GlobalSection(SolutionConfigurationPlatforms) = preSolution
		Debug|Any CPU = Debug|Any CPU
		Release|Any CPU = Release|Any CPU
	EndGlobalSection
	GlobalSection(ProjectConfigurationPlatforms) = postSolution
		{E1CC35BF-B3C2-43D8-9D4D-19EB5AAF96A9}.Debug|Any CPU.ActiveCfg = Debug|Any CPU
		{E1CC35BF-B3C2-43D8-9D4D-19EB5AAF96A9}.Debug|Any CPU.Build.0 = Debug|Any CPU
		{E1CC35BF-B3C2-43D8-9D4D-19EB5AAF96A9}.Release|Any CPU.ActiveCfg = Release|Any CPU
		{E1CC35BF-B3C2-43D8-9D4D-19EB5AAF96A9}.Release|Any CPU.Build.0 = Release|Any CPU
		{512D2D44-CA44-428F-A414-CE4539A27F96}.Debug|Any CPU.ActiveCfg = Debug|Any CPU
		{512D2D44-CA44-428F-A414-CE4539A27F96}.Debug|Any CPU.Build.0 = Debug|Any CPU
		{512D2D44-CA44-428F-A414-CE4539A27F96}.Release|Any CPU.ActiveCfg = Release|Any CPU
		{512D2D44-CA44-428F-A414-CE4539A27F96}.Release|Any CPU.Build.0 = Release|Any CPU
		{70A27A1B-F7BF-40B6-AC1B-3469AF78D9EB}.Debug|Any CPU.ActiveCfg = Debug|Any CPU
		{70A27A1B-F7BF-40B6-AC1B-3469AF78D9EB}.Debug|Any CPU.Build.0 = Debug|Any CPU
		{70A27A1B-F7BF-40B6-AC1B-3469AF78D9EB}.Release|Any CPU.ActiveCfg = Release|Any CPU
		{70A27A1B-F7BF-40B6-AC1B-3469AF78D9EB}.Release|Any CPU.Build.0 = Release|Any CPU
		{F47CDA2E-2BB1-40A7-9B55-BEE4836C472D}.Debug|Any CPU.ActiveCfg = Debug|Any CPU
		{F47CDA2E-2BB1-40A7-9B55-BEE4836C472D}.Debug|Any CPU.Build.0 = Debug|Any CPU
		{F47CDA2E-2BB1-40A7-9B55-BEE4836C472D}.Release|Any CPU.ActiveCfg = Release|Any CPU
		{F47CDA2E-2BB1-40A7-9B55-BEE4836C472D}.Release|Any CPU.Build.0 = Release|Any CPU
	EndGlobalSection
	GlobalSection(SolutionProperties) = preSolution
		HideSolutionNode = FALSE
	EndGlobalSection
	GlobalSection(NestedProjects) = preSolution
		{70A27A1B-F7BF-40B6-AC1B-3469AF78D9EB} = {65C0E56E-D50F-4A27-8678-69F245116C3B}
		{F47CDA2E-2BB1-40A7-9B55-BEE4836C472D} = {F67F914A-ECFB-4210-B8B8-A5D38044ADF8}
		{512D2D44-CA44-428F-A414-CE4539A27F96} = {325AADEF-D713-4E91-8523-4CC54A8E2A2E}
		{E1CC35BF-B3C2-43D8-9D4D-19EB5AAF96A9} = {325AADEF-D713-4E91-8523-4CC54A8E2A2E}
	EndGlobalSection
EndGlobal
