
Microsoft Visual Studio Solution File, Format Version 12.00
# Visual Studio 2012
Project("{FAE04EC0-301F-11D3-BF4B-00C04F79EFBC}") = "01-CategoriesRowCount", "01-CategoriesRowCount\01-CategoriesRowCount.csproj", "{BC8B73E1-72AD-4455-8A27-4016205AD27E}"
EndProject
Global
	GlobalSection(SolutionConfigurationPlatforms) = preSolution
		Debug|Any CPU = Debug|Any CPU
		Release|Any CPU = Release|Any CPU
	EndGlobalSection
	GlobalSection(ProjectConfigurationPlatforms) = postSolution
		{BC8B73E1-72AD-4455-8A27-4016205AD27E}.Debug|Any CPU.ActiveCfg = Debug|Any CPU
		{BC8B73E1-72AD-4455-8A27-4016205AD27E}.Debug|Any CPU.Build.0 = Debug|Any CPU
		{BC8B73E1-72AD-4455-8A27-4016205AD27E}.Release|Any CPU.ActiveCfg = Release|Any CPU
		{BC8B73E1-72AD-4455-8A27-4016205AD27E}.Release|Any CPU.Build.0 = Release|Any CPU
	EndGlobalSection
	GlobalSection(SolutionProperties) = preSolution
		HideSolutionNode = FALSE
	EndGlobalSection
EndGlobal
