
Microsoft Visual Studio Solution File, Format Version 12.00
# Visual Studio 2013
VisualStudioVersion = 12.0.21005.1
MinimumVisualStudioVersion = 10.0.40219.1
Project("{FAE04EC0-301F-11D3-BF4B-00C04F79EFBC}") = "01-RowCount", "01-RowCount\01-RowCount.csproj", "{DCB8C780-6BE6-42AD-B66F-91EC525622C2}"
EndProject
Project("{FAE04EC0-301F-11D3-BF4B-00C04F79EFBC}") = "02-GetNameAndDescription", "02-GetNameAndDescription\02-GetNameAndDescription.csproj", "{56C61509-50C4-447A-86CD-E4EF2434A2F3}"
EndProject
Project("{FAE04EC0-301F-11D3-BF4B-00C04F79EFBC}") = "03-CategoriesAndProducts", "03-CategoriesAndProducts\03-CategoriesAndProducts.csproj", "{257F1594-E4AA-43D4-B916-2A889BA25500}"
EndProject
Project("{FAE04EC0-301F-11D3-BF4B-00C04F79EFBC}") = "04-InsertNewProduct", "04-InsertNewProduct\04-InsertNewProduct.csproj", "{650EE4C2-B9D9-4C58-8F66-0063C58F0F95}"
EndProject
Project("{FAE04EC0-301F-11D3-BF4B-00C04F79EFBC}") = "05-CreateJPGFiles", "05-CreateJPGFiles\05-CreateJPGFiles.csproj", "{BA43BDCD-4C16-4936-9A85-6387347299FF}"
EndProject
Project("{FAE04EC0-301F-11D3-BF4B-00C04F79EFBC}") = "06-ExcelReader", "06-ExcelReader\06-ExcelReader.csproj", "{655AFCD4-CA56-4AC2-A94B-285100D172CC}"
EndProject
Global
	GlobalSection(SolutionConfigurationPlatforms) = preSolution
		Debug|Any CPU = Debug|Any CPU
		Release|Any CPU = Release|Any CPU
	EndGlobalSection
	GlobalSection(ProjectConfigurationPlatforms) = postSolution
		{DCB8C780-6BE6-42AD-B66F-91EC525622C2}.Debug|Any CPU.ActiveCfg = Debug|Any CPU
		{DCB8C780-6BE6-42AD-B66F-91EC525622C2}.Debug|Any CPU.Build.0 = Debug|Any CPU
		{DCB8C780-6BE6-42AD-B66F-91EC525622C2}.Release|Any CPU.ActiveCfg = Release|Any CPU
		{DCB8C780-6BE6-42AD-B66F-91EC525622C2}.Release|Any CPU.Build.0 = Release|Any CPU
		{56C61509-50C4-447A-86CD-E4EF2434A2F3}.Debug|Any CPU.ActiveCfg = Debug|Any CPU
		{56C61509-50C4-447A-86CD-E4EF2434A2F3}.Debug|Any CPU.Build.0 = Debug|Any CPU
		{56C61509-50C4-447A-86CD-E4EF2434A2F3}.Release|Any CPU.ActiveCfg = Release|Any CPU
		{56C61509-50C4-447A-86CD-E4EF2434A2F3}.Release|Any CPU.Build.0 = Release|Any CPU
		{257F1594-E4AA-43D4-B916-2A889BA25500}.Debug|Any CPU.ActiveCfg = Debug|Any CPU
		{257F1594-E4AA-43D4-B916-2A889BA25500}.Debug|Any CPU.Build.0 = Debug|Any CPU
		{257F1594-E4AA-43D4-B916-2A889BA25500}.Release|Any CPU.ActiveCfg = Release|Any CPU
		{257F1594-E4AA-43D4-B916-2A889BA25500}.Release|Any CPU.Build.0 = Release|Any CPU
		{650EE4C2-B9D9-4C58-8F66-0063C58F0F95}.Debug|Any CPU.ActiveCfg = Debug|Any CPU
		{650EE4C2-B9D9-4C58-8F66-0063C58F0F95}.Debug|Any CPU.Build.0 = Debug|Any CPU
		{650EE4C2-B9D9-4C58-8F66-0063C58F0F95}.Release|Any CPU.ActiveCfg = Release|Any CPU
		{650EE4C2-B9D9-4C58-8F66-0063C58F0F95}.Release|Any CPU.Build.0 = Release|Any CPU
		{BA43BDCD-4C16-4936-9A85-6387347299FF}.Debug|Any CPU.ActiveCfg = Debug|Any CPU
		{BA43BDCD-4C16-4936-9A85-6387347299FF}.Debug|Any CPU.Build.0 = Debug|Any CPU
		{BA43BDCD-4C16-4936-9A85-6387347299FF}.Release|Any CPU.ActiveCfg = Release|Any CPU
		{BA43BDCD-4C16-4936-9A85-6387347299FF}.Release|Any CPU.Build.0 = Release|Any CPU
		{655AFCD4-CA56-4AC2-A94B-285100D172CC}.Debug|Any CPU.ActiveCfg = Debug|Any CPU
		{655AFCD4-CA56-4AC2-A94B-285100D172CC}.Debug|Any CPU.Build.0 = Debug|Any CPU
		{655AFCD4-CA56-4AC2-A94B-285100D172CC}.Release|Any CPU.ActiveCfg = Release|Any CPU
		{655AFCD4-CA56-4AC2-A94B-285100D172CC}.Release|Any CPU.Build.0 = Release|Any CPU
	EndGlobalSection
	GlobalSection(SolutionProperties) = preSolution
		HideSolutionNode = FALSE
	EndGlobalSection
EndGlobal
