
Microsoft Visual Studio Solution File, Format Version 12.00
# Visual Studio 2012
Project("{FAE04EC0-301F-11D3-BF4B-00C04F79EFBC}") = "PongGame", "PongGame\PongGame.csproj", "{808B6766-51A4-40EF-8770-BD694438549A}"
EndProject
Global
	GlobalSection(SolutionConfigurationPlatforms) = preSolution
		Debug|Any CPU = Debug|Any CPU
		Release|Any CPU = Release|Any CPU
	EndGlobalSection
	GlobalSection(ProjectConfigurationPlatforms) = postSolution
		{808B6766-51A4-40EF-8770-BD694438549A}.Debug|Any CPU.ActiveCfg = Debug|Any CPU
		{808B6766-51A4-40EF-8770-BD694438549A}.Debug|Any CPU.Build.0 = Debug|Any CPU
		{808B6766-51A4-40EF-8770-BD694438549A}.Release|Any CPU.ActiveCfg = Release|Any CPU
		{808B6766-51A4-40EF-8770-BD694438549A}.Release|Any CPU.Build.0 = Release|Any CPU
	EndGlobalSection
	GlobalSection(SolutionProperties) = preSolution
		HideSolutionNode = FALSE
	EndGlobalSection
EndGlobal
