
Microsoft Visual Studio Solution File, Format Version 12.00
# Visual Studio 2012
Project("{FAE04EC0-301F-11D3-BF4B-00C04F79EFBC}") = "Point3D", "Point3D\Point3D.csproj", "{A02BD806-EE3B-4638-A4E9-44D39D27652B}"
EndProject
Project("{FAE04EC0-301F-11D3-BF4B-00C04F79EFBC}") = "GenericList", "GenericList\GenericList.csproj", "{1705F663-9A2E-4B8B-B395-A34461C51EFA}"
EndProject
Project("{FAE04EC0-301F-11D3-BF4B-00C04F79EFBC}") = "Matrix", "Matrix\Matrix.csproj", "{806F103B-B260-4EE1-B80E-E9E9AADE4C03}"
EndProject
Project("{FAE04EC0-301F-11D3-BF4B-00C04F79EFBC}") = "VersionAttribute", "VersionAttribute\VersionAttribute.csproj", "{DCC67CDC-DF8D-43FB-AC93-1060B06FBF63}"
EndProject
Global
	GlobalSection(SolutionConfigurationPlatforms) = preSolution
		Debug|Any CPU = Debug|Any CPU
		Release|Any CPU = Release|Any CPU
	EndGlobalSection
	GlobalSection(ProjectConfigurationPlatforms) = postSolution
		{A02BD806-EE3B-4638-A4E9-44D39D27652B}.Debug|Any CPU.ActiveCfg = Debug|Any CPU
		{A02BD806-EE3B-4638-A4E9-44D39D27652B}.Debug|Any CPU.Build.0 = Debug|Any CPU
		{A02BD806-EE3B-4638-A4E9-44D39D27652B}.Release|Any CPU.ActiveCfg = Release|Any CPU
		{A02BD806-EE3B-4638-A4E9-44D39D27652B}.Release|Any CPU.Build.0 = Release|Any CPU
		{1705F663-9A2E-4B8B-B395-A34461C51EFA}.Debug|Any CPU.ActiveCfg = Debug|Any CPU
		{1705F663-9A2E-4B8B-B395-A34461C51EFA}.Debug|Any CPU.Build.0 = Debug|Any CPU
		{1705F663-9A2E-4B8B-B395-A34461C51EFA}.Release|Any CPU.ActiveCfg = Release|Any CPU
		{1705F663-9A2E-4B8B-B395-A34461C51EFA}.Release|Any CPU.Build.0 = Release|Any CPU
		{806F103B-B260-4EE1-B80E-E9E9AADE4C03}.Debug|Any CPU.ActiveCfg = Debug|Any CPU
		{806F103B-B260-4EE1-B80E-E9E9AADE4C03}.Debug|Any CPU.Build.0 = Debug|Any CPU
		{806F103B-B260-4EE1-B80E-E9E9AADE4C03}.Release|Any CPU.ActiveCfg = Release|Any CPU
		{806F103B-B260-4EE1-B80E-E9E9AADE4C03}.Release|Any CPU.Build.0 = Release|Any CPU
		{DCC67CDC-DF8D-43FB-AC93-1060B06FBF63}.Debug|Any CPU.ActiveCfg = Debug|Any CPU
		{DCC67CDC-DF8D-43FB-AC93-1060B06FBF63}.Debug|Any CPU.Build.0 = Debug|Any CPU
		{DCC67CDC-DF8D-43FB-AC93-1060B06FBF63}.Release|Any CPU.ActiveCfg = Release|Any CPU
		{DCC67CDC-DF8D-43FB-AC93-1060B06FBF63}.Release|Any CPU.Build.0 = Release|Any CPU
	EndGlobalSection
	GlobalSection(SolutionProperties) = preSolution
		HideSolutionNode = FALSE
	EndGlobalSection
EndGlobal
