
Microsoft Visual Studio Solution File, Format Version 12.00
# Visual Studio 2012
Project("{FAE04EC0-301F-11D3-BF4B-00C04F79EFBC}") = "10-UnitTesting", "10-UnitTesting\10-UnitTesting.csproj", "{D085EA3E-72CB-4062-AD3C-3E3D2F5F04A6}"
EndProject
Global
	GlobalSection(SolutionConfigurationPlatforms) = preSolution
		Debug|Any CPU = Debug|Any CPU
		Release|Any CPU = Release|Any CPU
	EndGlobalSection
	GlobalSection(ProjectConfigurationPlatforms) = postSolution
		{D085EA3E-72CB-4062-AD3C-3E3D2F5F04A6}.Debug|Any CPU.ActiveCfg = Debug|Any CPU
		{D085EA3E-72CB-4062-AD3C-3E3D2F5F04A6}.Debug|Any CPU.Build.0 = Debug|Any CPU
		{D085EA3E-72CB-4062-AD3C-3E3D2F5F04A6}.Release|Any CPU.ActiveCfg = Release|Any CPU
		{D085EA3E-72CB-4062-AD3C-3E3D2F5F04A6}.Release|Any CPU.Build.0 = Release|Any CPU
	EndGlobalSection
	GlobalSection(SolutionProperties) = preSolution
		HideSolutionNode = FALSE
	EndGlobalSection
EndGlobal
