
Microsoft Visual Studio Solution File, Format Version 12.00
# Visual Studio 2013
VisualStudioVersion = 12.0.21005.1
MinimumVisualStudioVersion = 10.0.40219.1
Project("{FAE04EC0-301F-11D3-BF4B-00C04F79EFBC}") = "01-SequenceSumAndAverage", "01-SequenceSumAndAverage\01-SequenceSumAndAverage.csproj", "{AE109086-0F1B-47F1-BB2B-1ACF6FD029C9}"
EndProject
Project("{FAE04EC0-301F-11D3-BF4B-00C04F79EFBC}") = "02-StackReverse", "02-StackReverse\02-StackReverse.csproj", "{B430179D-C790-4C1B-BE93-70981A9EE9FF}"
EndProject
Project("{FAE04EC0-301F-11D3-BF4B-00C04F79EFBC}") = "01-SequenceSumAndAverage.Test", "01-SequenceSumAndAverage.Test\01-SequenceSumAndAverage.Test.csproj", "{73BC77E5-3213-4639-BC29-9465133610DB}"
EndProject
Project("{FAE04EC0-301F-11D3-BF4B-00C04F79EFBC}") = "03-SortList", "03-SortList\03-SortList.csproj", "{8CB80094-1A71-497B-A7C9-B93F3ED4347B}"
EndProject
Project("{FAE04EC0-301F-11D3-BF4B-00C04F79EFBC}") = "04-LongestSubSequence", "04-LongestSubSequence\04-LongestSubSequence.csproj", "{4E1198BD-4715-40AD-8C9D-782C33EFA704}"
EndProject
Project("{FAE04EC0-301F-11D3-BF4B-00C04F79EFBC}") = "05-RemoveAllNegatives", "05-RemoveAllNegatives\05-RemoveAllNegatives.csproj", "{3F9630A5-1373-42C1-BC11-3B730929E93F}"
EndProject
Project("{FAE04EC0-301F-11D3-BF4B-00C04F79EFBC}") = "06-RemoveOdd", "06-RemoveOdd\06-RemoveOdd.csproj", "{3A3F6E67-3EDB-47E3-B88E-048A386970E9}"
EndProject
Project("{FAE04EC0-301F-11D3-BF4B-00C04F79EFBC}") = "07-Occurrences", "07-Occurrences\07-Occurrences.csproj", "{DD5BB0A4-94BE-46A3-BED3-C5812A2768E9}"
EndProject
Project("{FAE04EC0-301F-11D3-BF4B-00C04F79EFBC}") = "08-Majorant", "08-Majorant\08-Majorant.csproj", "{85D66A94-6635-408A-BECE-F089C96D06AF}"
EndProject
Project("{FAE04EC0-301F-11D3-BF4B-00C04F79EFBC}") = "09-RecurrentSequence", "09-RecurrentSequence\09-RecurrentSequence.csproj", "{1697A271-EDF7-41AE-AF10-7388AA862F0E}"
EndProject
Project("{FAE04EC0-301F-11D3-BF4B-00C04F79EFBC}") = "10-ShortestSequence", "10-ShortestSequence\10-ShortestSequence.csproj", "{488520EE-4123-45FB-AC4D-7A0BBDEA773A}"
EndProject
Project("{FAE04EC0-301F-11D3-BF4B-00C04F79EFBC}") = "11-LinkedList", "11-LinkedList\11-LinkedList.csproj", "{CC880F94-38B0-4461-AF04-99B6AD7A03D6}"
EndProject
Project("{FAE04EC0-301F-11D3-BF4B-00C04F79EFBC}") = "12-Stack", "12-Stack\12-Stack.csproj", "{D14C246E-ED44-49D2-A893-CD7D6D705074}"
EndProject
Project("{FAE04EC0-301F-11D3-BF4B-00C04F79EFBC}") = "13-Queue", "13-Queue\13-Queue.csproj", "{7AD3E1BC-A4B6-438E-83EF-548CE1694A17}"
EndProject
Global
	GlobalSection(SolutionConfigurationPlatforms) = preSolution
		Debug|Any CPU = Debug|Any CPU
		Release|Any CPU = Release|Any CPU
	EndGlobalSection
	GlobalSection(ProjectConfigurationPlatforms) = postSolution
		{AE109086-0F1B-47F1-BB2B-1ACF6FD029C9}.Debug|Any CPU.ActiveCfg = Debug|Any CPU
		{AE109086-0F1B-47F1-BB2B-1ACF6FD029C9}.Debug|Any CPU.Build.0 = Debug|Any CPU
		{AE109086-0F1B-47F1-BB2B-1ACF6FD029C9}.Release|Any CPU.ActiveCfg = Release|Any CPU
		{AE109086-0F1B-47F1-BB2B-1ACF6FD029C9}.Release|Any CPU.Build.0 = Release|Any CPU
		{B430179D-C790-4C1B-BE93-70981A9EE9FF}.Debug|Any CPU.ActiveCfg = Debug|Any CPU
		{B430179D-C790-4C1B-BE93-70981A9EE9FF}.Debug|Any CPU.Build.0 = Debug|Any CPU
		{B430179D-C790-4C1B-BE93-70981A9EE9FF}.Release|Any CPU.ActiveCfg = Release|Any CPU
		{B430179D-C790-4C1B-BE93-70981A9EE9FF}.Release|Any CPU.Build.0 = Release|Any CPU
		{73BC77E5-3213-4639-BC29-9465133610DB}.Debug|Any CPU.ActiveCfg = Debug|Any CPU
		{73BC77E5-3213-4639-BC29-9465133610DB}.Debug|Any CPU.Build.0 = Debug|Any CPU
		{73BC77E5-3213-4639-BC29-9465133610DB}.Release|Any CPU.ActiveCfg = Release|Any CPU
		{73BC77E5-3213-4639-BC29-9465133610DB}.Release|Any CPU.Build.0 = Release|Any CPU
		{8CB80094-1A71-497B-A7C9-B93F3ED4347B}.Debug|Any CPU.ActiveCfg = Debug|Any CPU
		{8CB80094-1A71-497B-A7C9-B93F3ED4347B}.Debug|Any CPU.Build.0 = Debug|Any CPU
		{8CB80094-1A71-497B-A7C9-B93F3ED4347B}.Release|Any CPU.ActiveCfg = Release|Any CPU
		{8CB80094-1A71-497B-A7C9-B93F3ED4347B}.Release|Any CPU.Build.0 = Release|Any CPU
		{4E1198BD-4715-40AD-8C9D-782C33EFA704}.Debug|Any CPU.ActiveCfg = Debug|Any CPU
		{4E1198BD-4715-40AD-8C9D-782C33EFA704}.Debug|Any CPU.Build.0 = Debug|Any CPU
		{4E1198BD-4715-40AD-8C9D-782C33EFA704}.Release|Any CPU.ActiveCfg = Release|Any CPU
		{4E1198BD-4715-40AD-8C9D-782C33EFA704}.Release|Any CPU.Build.0 = Release|Any CPU
		{3F9630A5-1373-42C1-BC11-3B730929E93F}.Debug|Any CPU.ActiveCfg = Debug|Any CPU
		{3F9630A5-1373-42C1-BC11-3B730929E93F}.Debug|Any CPU.Build.0 = Debug|Any CPU
		{3F9630A5-1373-42C1-BC11-3B730929E93F}.Release|Any CPU.ActiveCfg = Release|Any CPU
		{3F9630A5-1373-42C1-BC11-3B730929E93F}.Release|Any CPU.Build.0 = Release|Any CPU
		{3A3F6E67-3EDB-47E3-B88E-048A386970E9}.Debug|Any CPU.ActiveCfg = Debug|Any CPU
		{3A3F6E67-3EDB-47E3-B88E-048A386970E9}.Debug|Any CPU.Build.0 = Debug|Any CPU
		{3A3F6E67-3EDB-47E3-B88E-048A386970E9}.Release|Any CPU.ActiveCfg = Release|Any CPU
		{3A3F6E67-3EDB-47E3-B88E-048A386970E9}.Release|Any CPU.Build.0 = Release|Any CPU
		{DD5BB0A4-94BE-46A3-BED3-C5812A2768E9}.Debug|Any CPU.ActiveCfg = Debug|Any CPU
		{DD5BB0A4-94BE-46A3-BED3-C5812A2768E9}.Debug|Any CPU.Build.0 = Debug|Any CPU
		{DD5BB0A4-94BE-46A3-BED3-C5812A2768E9}.Release|Any CPU.ActiveCfg = Release|Any CPU
		{DD5BB0A4-94BE-46A3-BED3-C5812A2768E9}.Release|Any CPU.Build.0 = Release|Any CPU
		{85D66A94-6635-408A-BECE-F089C96D06AF}.Debug|Any CPU.ActiveCfg = Debug|Any CPU
		{85D66A94-6635-408A-BECE-F089C96D06AF}.Debug|Any CPU.Build.0 = Debug|Any CPU
		{85D66A94-6635-408A-BECE-F089C96D06AF}.Release|Any CPU.ActiveCfg = Release|Any CPU
		{85D66A94-6635-408A-BECE-F089C96D06AF}.Release|Any CPU.Build.0 = Release|Any CPU
		{1697A271-EDF7-41AE-AF10-7388AA862F0E}.Debug|Any CPU.ActiveCfg = Debug|Any CPU
		{1697A271-EDF7-41AE-AF10-7388AA862F0E}.Debug|Any CPU.Build.0 = Debug|Any CPU
		{1697A271-EDF7-41AE-AF10-7388AA862F0E}.Release|Any CPU.ActiveCfg = Release|Any CPU
		{1697A271-EDF7-41AE-AF10-7388AA862F0E}.Release|Any CPU.Build.0 = Release|Any CPU
		{488520EE-4123-45FB-AC4D-7A0BBDEA773A}.Debug|Any CPU.ActiveCfg = Debug|Any CPU
		{488520EE-4123-45FB-AC4D-7A0BBDEA773A}.Debug|Any CPU.Build.0 = Debug|Any CPU
		{488520EE-4123-45FB-AC4D-7A0BBDEA773A}.Release|Any CPU.ActiveCfg = Release|Any CPU
		{488520EE-4123-45FB-AC4D-7A0BBDEA773A}.Release|Any CPU.Build.0 = Release|Any CPU
		{CC880F94-38B0-4461-AF04-99B6AD7A03D6}.Debug|Any CPU.ActiveCfg = Debug|Any CPU
		{CC880F94-38B0-4461-AF04-99B6AD7A03D6}.Debug|Any CPU.Build.0 = Debug|Any CPU
		{CC880F94-38B0-4461-AF04-99B6AD7A03D6}.Release|Any CPU.ActiveCfg = Release|Any CPU
		{CC880F94-38B0-4461-AF04-99B6AD7A03D6}.Release|Any CPU.Build.0 = Release|Any CPU
		{D14C246E-ED44-49D2-A893-CD7D6D705074}.Debug|Any CPU.ActiveCfg = Debug|Any CPU
		{D14C246E-ED44-49D2-A893-CD7D6D705074}.Debug|Any CPU.Build.0 = Debug|Any CPU
		{D14C246E-ED44-49D2-A893-CD7D6D705074}.Release|Any CPU.ActiveCfg = Release|Any CPU
		{D14C246E-ED44-49D2-A893-CD7D6D705074}.Release|Any CPU.Build.0 = Release|Any CPU
		{7AD3E1BC-A4B6-438E-83EF-548CE1694A17}.Debug|Any CPU.ActiveCfg = Debug|Any CPU
		{7AD3E1BC-A4B6-438E-83EF-548CE1694A17}.Debug|Any CPU.Build.0 = Debug|Any CPU
		{7AD3E1BC-A4B6-438E-83EF-548CE1694A17}.Release|Any CPU.ActiveCfg = Release|Any CPU
		{7AD3E1BC-A4B6-438E-83EF-548CE1694A17}.Release|Any CPU.Build.0 = Release|Any CPU
	EndGlobalSection
	GlobalSection(SolutionProperties) = preSolution
		HideSolutionNode = FALSE
	EndGlobalSection
EndGlobal
