
Microsoft Visual Studio Solution File, Format Version 12.00
# Visual Studio 2012
Project("{FAE04EC0-301F-11D3-BF4B-00C04F79EFBC}") = "GameFolder", "GameFolder\GameFolder.csproj", "{388784A8-937F-4DA4-B621-3C33DFBFBC4A}"
EndProject
Global
	GlobalSection(TeamFoundationVersionControl) = preSolution
		SccNumberOfProjects = 2
		SccEnterpriseProvider = {4CA58AB2-18FA-4F8D-95D4-32DDF27D184C}
		SccTeamFoundationServer = https://nzhul.visualstudio.com/defaultcollection
		SccLocalPath0 = .
		SccProjectUniqueName1 = GameFolder\\GameFolder.csproj
		SccProjectName1 = GameFolder
		SccLocalPath1 = GameFolder
	EndGlobalSection
	GlobalSection(SolutionConfigurationPlatforms) = preSolution
		Debug|Any CPU = Debug|Any CPU
		Release|Any CPU = Release|Any CPU
	EndGlobalSection
	GlobalSection(ProjectConfigurationPlatforms) = postSolution
		{388784A8-937F-4DA4-B621-3C33DFBFBC4A}.Debug|Any CPU.ActiveCfg = Debug|Any CPU
		{388784A8-937F-4DA4-B621-3C33DFBFBC4A}.Debug|Any CPU.Build.0 = Debug|Any CPU
		{388784A8-937F-4DA4-B621-3C33DFBFBC4A}.Release|Any CPU.ActiveCfg = Release|Any CPU
		{388784A8-937F-4DA4-B621-3C33DFBFBC4A}.Release|Any CPU.Build.0 = Release|Any CPU
	EndGlobalSection
	GlobalSection(SolutionProperties) = preSolution
		HideSolutionNode = FALSE
	EndGlobalSection
EndGlobal
