
Microsoft Visual Studio Solution File, Format Version 12.00
# Visual Studio 2012
Project("{FAE04EC0-301F-11D3-BF4B-00C04F79EFBC}") = "01-DescribeStrings", "01-DescribeStrings\01-DescribeStrings.csproj", "{E8877A30-D0D6-4BD2-A22F-266E4A7A5EC3}"
EndProject
Project("{FAE04EC0-301F-11D3-BF4B-00C04F79EFBC}") = "02-ReverseString", "02-ReverseString\02-ReverseString.csproj", "{0DC25AD6-E27C-41E3-A06F-6D0CC9F4EA47}"
EndProject
Project("{FAE04EC0-301F-11D3-BF4B-00C04F79EFBC}") = "03-BracketChecker", "03-BracketChecker\03-BracketChecker.csproj", "{0ADE487D-3AB6-4F41-B2D6-1F6A026732EE}"
EndProject
Project("{FAE04EC0-301F-11D3-BF4B-00C04F79EFBC}") = "04-SubstringCount", "04-SubstringCount\04-SubstringCount.csproj", "{01A637F9-AE27-46C2-9F90-EAAA6228BEC4}"
EndProject
Project("{FAE04EC0-301F-11D3-BF4B-00C04F79EFBC}") = "05-UpperCase", "05-UpperCase\05-UpperCase.csproj", "{3147768F-1E2F-4E70-8A86-D288D2200448}"
EndProject
Project("{FAE04EC0-301F-11D3-BF4B-00C04F79EFBC}") = "06-20MaxCharacters", "06-20MaxCharacters\06-20MaxCharacters.csproj", "{9074CD9F-A26E-47E9-B9B8-09DFA099F5EB}"
EndProject
Project("{FAE04EC0-301F-11D3-BF4B-00C04F79EFBC}") = "07-EncodeDecode", "07-EncodeDecode\07-EncodeDecode.csproj", "{9A49A236-ECC2-48CF-B521-A701DFD4F321}"
EndProject
Project("{FAE04EC0-301F-11D3-BF4B-00C04F79EFBC}") = "08-MatchSentence", "08-MatchSentence\08-MatchSentence.csproj", "{1CE069BA-C623-497F-B831-892D1218CAA2}"
EndProject
Project("{FAE04EC0-301F-11D3-BF4B-00C04F79EFBC}") = "09-CensureBadWords", "09-CensureBadWords\09-CensureBadWords.csproj", "{74D2510A-E961-47B6-8DF6-A17CF41B452C}"
EndProject
Project("{FAE04EC0-301F-11D3-BF4B-00C04F79EFBC}") = "10-CharacterLiterals", "10-CharacterLiterals\10-CharacterLiterals.csproj", "{F77C379D-5B4A-449B-92EC-FBA68617EF09}"
EndProject
Project("{FAE04EC0-301F-11D3-BF4B-00C04F79EFBC}") = "11-StringFormat", "11-StringFormat\11-StringFormat.csproj", "{6C331060-DE20-461D-A045-90C43AB1552C}"
EndProject
Project("{FAE04EC0-301F-11D3-BF4B-00C04F79EFBC}") = "12-URLRegex", "12-URLRegex\12-URLRegex.csproj", "{F6AEEF59-9D6F-41DB-90D4-12EBDF8335B7}"
EndProject
Project("{FAE04EC0-301F-11D3-BF4B-00C04F79EFBC}") = "13-ReverseWords", "13-ReverseWords\13-ReverseWords.csproj", "{7C7AA8B7-E40C-49FB-B26E-066D636EE6A0}"
EndProject
Project("{FAE04EC0-301F-11D3-BF4B-00C04F79EFBC}") = "14-Dictionary", "14-Dictionary\14-Dictionary.csproj", "{DA0848E7-6F47-4FA2-BC61-9B63705F50C5}"
EndProject
Project("{FAE04EC0-301F-11D3-BF4B-00C04F79EFBC}") = "15-BBCode", "15-BBCode\15-BBCode.csproj", "{3B7D7C2E-038D-490D-BE92-5EEDFAE93312}"
EndProject
Project("{FAE04EC0-301F-11D3-BF4B-00C04F79EFBC}") = "16-DateParse", "16-DateParse\16-DateParse.csproj", "{B9B3B7FA-2E53-495C-A1E1-63E1E397890E}"
EndProject
Project("{FAE04EC0-301F-11D3-BF4B-00C04F79EFBC}") = "17-DateTimeAddMinutes", "17-DateTimeAddMinutes\17-DateTimeAddMinutes.csproj", "{92E9D041-87D9-4F3F-B45B-98A8EE4C4474}"
EndProject
Project("{FAE04EC0-301F-11D3-BF4B-00C04F79EFBC}") = "18-EmailRegex", "18-EmailRegex\18-EmailRegex.csproj", "{1F5A43DF-D7B5-462E-ACB6-F400466ED606}"
EndProject
Project("{FAE04EC0-301F-11D3-BF4B-00C04F79EFBC}") = "19-DateTimeCanada", "19-DateTimeCanada\19-DateTimeCanada.csproj", "{FEDA0883-B256-4EF2-A897-81ADAE6677B9}"
EndProject
Project("{FAE04EC0-301F-11D3-BF4B-00C04F79EFBC}") = "20-Palindrome", "20-Palindrome\20-Palindrome.csproj", "{94FE86C2-DF0B-4AF5-9DFE-B3A6853D2B44}"
EndProject
Global
	GlobalSection(SolutionConfigurationPlatforms) = preSolution
		Debug|Any CPU = Debug|Any CPU
		Release|Any CPU = Release|Any CPU
	EndGlobalSection
	GlobalSection(ProjectConfigurationPlatforms) = postSolution
		{E8877A30-D0D6-4BD2-A22F-266E4A7A5EC3}.Debug|Any CPU.ActiveCfg = Debug|Any CPU
		{E8877A30-D0D6-4BD2-A22F-266E4A7A5EC3}.Debug|Any CPU.Build.0 = Debug|Any CPU
		{E8877A30-D0D6-4BD2-A22F-266E4A7A5EC3}.Release|Any CPU.ActiveCfg = Release|Any CPU
		{E8877A30-D0D6-4BD2-A22F-266E4A7A5EC3}.Release|Any CPU.Build.0 = Release|Any CPU
		{0DC25AD6-E27C-41E3-A06F-6D0CC9F4EA47}.Debug|Any CPU.ActiveCfg = Debug|Any CPU
		{0DC25AD6-E27C-41E3-A06F-6D0CC9F4EA47}.Debug|Any CPU.Build.0 = Debug|Any CPU
		{0DC25AD6-E27C-41E3-A06F-6D0CC9F4EA47}.Release|Any CPU.ActiveCfg = Release|Any CPU
		{0DC25AD6-E27C-41E3-A06F-6D0CC9F4EA47}.Release|Any CPU.Build.0 = Release|Any CPU
		{0ADE487D-3AB6-4F41-B2D6-1F6A026732EE}.Debug|Any CPU.ActiveCfg = Debug|Any CPU
		{0ADE487D-3AB6-4F41-B2D6-1F6A026732EE}.Debug|Any CPU.Build.0 = Debug|Any CPU
		{0ADE487D-3AB6-4F41-B2D6-1F6A026732EE}.Release|Any CPU.ActiveCfg = Release|Any CPU
		{0ADE487D-3AB6-4F41-B2D6-1F6A026732EE}.Release|Any CPU.Build.0 = Release|Any CPU
		{01A637F9-AE27-46C2-9F90-EAAA6228BEC4}.Debug|Any CPU.ActiveCfg = Debug|Any CPU
		{01A637F9-AE27-46C2-9F90-EAAA6228BEC4}.Debug|Any CPU.Build.0 = Debug|Any CPU
		{01A637F9-AE27-46C2-9F90-EAAA6228BEC4}.Release|Any CPU.ActiveCfg = Release|Any CPU
		{01A637F9-AE27-46C2-9F90-EAAA6228BEC4}.Release|Any CPU.Build.0 = Release|Any CPU
		{3147768F-1E2F-4E70-8A86-D288D2200448}.Debug|Any CPU.ActiveCfg = Debug|Any CPU
		{3147768F-1E2F-4E70-8A86-D288D2200448}.Debug|Any CPU.Build.0 = Debug|Any CPU
		{3147768F-1E2F-4E70-8A86-D288D2200448}.Release|Any CPU.ActiveCfg = Release|Any CPU
		{3147768F-1E2F-4E70-8A86-D288D2200448}.Release|Any CPU.Build.0 = Release|Any CPU
		{9074CD9F-A26E-47E9-B9B8-09DFA099F5EB}.Debug|Any CPU.ActiveCfg = Debug|Any CPU
		{9074CD9F-A26E-47E9-B9B8-09DFA099F5EB}.Debug|Any CPU.Build.0 = Debug|Any CPU
		{9074CD9F-A26E-47E9-B9B8-09DFA099F5EB}.Release|Any CPU.ActiveCfg = Release|Any CPU
		{9074CD9F-A26E-47E9-B9B8-09DFA099F5EB}.Release|Any CPU.Build.0 = Release|Any CPU
		{9A49A236-ECC2-48CF-B521-A701DFD4F321}.Debug|Any CPU.ActiveCfg = Debug|Any CPU
		{9A49A236-ECC2-48CF-B521-A701DFD4F321}.Debug|Any CPU.Build.0 = Debug|Any CPU
		{9A49A236-ECC2-48CF-B521-A701DFD4F321}.Release|Any CPU.ActiveCfg = Release|Any CPU
		{9A49A236-ECC2-48CF-B521-A701DFD4F321}.Release|Any CPU.Build.0 = Release|Any CPU
		{1CE069BA-C623-497F-B831-892D1218CAA2}.Debug|Any CPU.ActiveCfg = Debug|Any CPU
		{1CE069BA-C623-497F-B831-892D1218CAA2}.Debug|Any CPU.Build.0 = Debug|Any CPU
		{1CE069BA-C623-497F-B831-892D1218CAA2}.Release|Any CPU.ActiveCfg = Release|Any CPU
		{1CE069BA-C623-497F-B831-892D1218CAA2}.Release|Any CPU.Build.0 = Release|Any CPU
		{74D2510A-E961-47B6-8DF6-A17CF41B452C}.Debug|Any CPU.ActiveCfg = Debug|Any CPU
		{74D2510A-E961-47B6-8DF6-A17CF41B452C}.Debug|Any CPU.Build.0 = Debug|Any CPU
		{74D2510A-E961-47B6-8DF6-A17CF41B452C}.Release|Any CPU.ActiveCfg = Release|Any CPU
		{74D2510A-E961-47B6-8DF6-A17CF41B452C}.Release|Any CPU.Build.0 = Release|Any CPU
		{F77C379D-5B4A-449B-92EC-FBA68617EF09}.Debug|Any CPU.ActiveCfg = Debug|Any CPU
		{F77C379D-5B4A-449B-92EC-FBA68617EF09}.Debug|Any CPU.Build.0 = Debug|Any CPU
		{F77C379D-5B4A-449B-92EC-FBA68617EF09}.Release|Any CPU.ActiveCfg = Release|Any CPU
		{F77C379D-5B4A-449B-92EC-FBA68617EF09}.Release|Any CPU.Build.0 = Release|Any CPU
		{6C331060-DE20-461D-A045-90C43AB1552C}.Debug|Any CPU.ActiveCfg = Debug|Any CPU
		{6C331060-DE20-461D-A045-90C43AB1552C}.Debug|Any CPU.Build.0 = Debug|Any CPU
		{6C331060-DE20-461D-A045-90C43AB1552C}.Release|Any CPU.ActiveCfg = Release|Any CPU
		{6C331060-DE20-461D-A045-90C43AB1552C}.Release|Any CPU.Build.0 = Release|Any CPU
		{F6AEEF59-9D6F-41DB-90D4-12EBDF8335B7}.Debug|Any CPU.ActiveCfg = Debug|Any CPU
		{F6AEEF59-9D6F-41DB-90D4-12EBDF8335B7}.Debug|Any CPU.Build.0 = Debug|Any CPU
		{F6AEEF59-9D6F-41DB-90D4-12EBDF8335B7}.Release|Any CPU.ActiveCfg = Release|Any CPU
		{F6AEEF59-9D6F-41DB-90D4-12EBDF8335B7}.Release|Any CPU.Build.0 = Release|Any CPU
		{7C7AA8B7-E40C-49FB-B26E-066D636EE6A0}.Debug|Any CPU.ActiveCfg = Debug|Any CPU
		{7C7AA8B7-E40C-49FB-B26E-066D636EE6A0}.Debug|Any CPU.Build.0 = Debug|Any CPU
		{7C7AA8B7-E40C-49FB-B26E-066D636EE6A0}.Release|Any CPU.ActiveCfg = Release|Any CPU
		{7C7AA8B7-E40C-49FB-B26E-066D636EE6A0}.Release|Any CPU.Build.0 = Release|Any CPU
		{DA0848E7-6F47-4FA2-BC61-9B63705F50C5}.Debug|Any CPU.ActiveCfg = Debug|Any CPU
		{DA0848E7-6F47-4FA2-BC61-9B63705F50C5}.Debug|Any CPU.Build.0 = Debug|Any CPU
		{DA0848E7-6F47-4FA2-BC61-9B63705F50C5}.Release|Any CPU.ActiveCfg = Release|Any CPU
		{DA0848E7-6F47-4FA2-BC61-9B63705F50C5}.Release|Any CPU.Build.0 = Release|Any CPU
		{3B7D7C2E-038D-490D-BE92-5EEDFAE93312}.Debug|Any CPU.ActiveCfg = Debug|Any CPU
		{3B7D7C2E-038D-490D-BE92-5EEDFAE93312}.Debug|Any CPU.Build.0 = Debug|Any CPU
		{3B7D7C2E-038D-490D-BE92-5EEDFAE93312}.Release|Any CPU.ActiveCfg = Release|Any CPU
		{3B7D7C2E-038D-490D-BE92-5EEDFAE93312}.Release|Any CPU.Build.0 = Release|Any CPU
		{B9B3B7FA-2E53-495C-A1E1-63E1E397890E}.Debug|Any CPU.ActiveCfg = Debug|Any CPU
		{B9B3B7FA-2E53-495C-A1E1-63E1E397890E}.Debug|Any CPU.Build.0 = Debug|Any CPU
		{B9B3B7FA-2E53-495C-A1E1-63E1E397890E}.Release|Any CPU.ActiveCfg = Release|Any CPU
		{B9B3B7FA-2E53-495C-A1E1-63E1E397890E}.Release|Any CPU.Build.0 = Release|Any CPU
		{92E9D041-87D9-4F3F-B45B-98A8EE4C4474}.Debug|Any CPU.ActiveCfg = Debug|Any CPU
		{92E9D041-87D9-4F3F-B45B-98A8EE4C4474}.Debug|Any CPU.Build.0 = Debug|Any CPU
		{92E9D041-87D9-4F3F-B45B-98A8EE4C4474}.Release|Any CPU.ActiveCfg = Release|Any CPU
		{92E9D041-87D9-4F3F-B45B-98A8EE4C4474}.Release|Any CPU.Build.0 = Release|Any CPU
		{1F5A43DF-D7B5-462E-ACB6-F400466ED606}.Debug|Any CPU.ActiveCfg = Debug|Any CPU
		{1F5A43DF-D7B5-462E-ACB6-F400466ED606}.Debug|Any CPU.Build.0 = Debug|Any CPU
		{1F5A43DF-D7B5-462E-ACB6-F400466ED606}.Release|Any CPU.ActiveCfg = Release|Any CPU
		{1F5A43DF-D7B5-462E-ACB6-F400466ED606}.Release|Any CPU.Build.0 = Release|Any CPU
		{FEDA0883-B256-4EF2-A897-81ADAE6677B9}.Debug|Any CPU.ActiveCfg = Debug|Any CPU
		{FEDA0883-B256-4EF2-A897-81ADAE6677B9}.Debug|Any CPU.Build.0 = Debug|Any CPU
		{FEDA0883-B256-4EF2-A897-81ADAE6677B9}.Release|Any CPU.ActiveCfg = Release|Any CPU
		{FEDA0883-B256-4EF2-A897-81ADAE6677B9}.Release|Any CPU.Build.0 = Release|Any CPU
		{94FE86C2-DF0B-4AF5-9DFE-B3A6853D2B44}.Debug|Any CPU.ActiveCfg = Debug|Any CPU
		{94FE86C2-DF0B-4AF5-9DFE-B3A6853D2B44}.Debug|Any CPU.Build.0 = Debug|Any CPU
		{94FE86C2-DF0B-4AF5-9DFE-B3A6853D2B44}.Release|Any CPU.ActiveCfg = Release|Any CPU
		{94FE86C2-DF0B-4AF5-9DFE-B3A6853D2B44}.Release|Any CPU.Build.0 = Release|Any CPU
	EndGlobalSection
	GlobalSection(SolutionProperties) = preSolution
		HideSolutionNode = FALSE
	EndGlobalSection
EndGlobal
