
Microsoft Visual Studio Solution File, Format Version 12.00
# Visual Studio 2012
Project("{FAE04EC0-301F-11D3-BF4B-00C04F79EFBC}") = "07-Strings", "07-Strings.csproj", "{DB4A9725-64F6-4559-AA33-239A84BC7DEE}"
EndProject
Global
	GlobalSection(SolutionConfigurationPlatforms) = preSolution
		Debug|Any CPU = Debug|Any CPU
		Release|Any CPU = Release|Any CPU
	EndGlobalSection
	GlobalSection(ProjectConfigurationPlatforms) = postSolution
		{DB4A9725-64F6-4559-AA33-239A84BC7DEE}.Debug|Any CPU.ActiveCfg = Debug|Any CPU
		{DB4A9725-64F6-4559-AA33-239A84BC7DEE}.Debug|Any CPU.Build.0 = Debug|Any CPU
		{DB4A9725-64F6-4559-AA33-239A84BC7DEE}.Release|Any CPU.ActiveCfg = Release|Any CPU
		{DB4A9725-64F6-4559-AA33-239A84BC7DEE}.Release|Any CPU.Build.0 = Release|Any CPU
	EndGlobalSection
	GlobalSection(SolutionProperties) = preSolution
		HideSolutionNode = FALSE
	EndGlobalSection
EndGlobal
