
Microsoft Visual Studio Solution File, Format Version 12.00
# Visual Studio 2012
Project("{FAE04EC0-301F-11D3-BF4B-00C04F79EFBC}") = "CountCharsInArray", "CountCharsInArray\CountCharsInArray.csproj", "{A62A3A96-6D32-498F-9739-0CA13B7FE849}"
EndProject
Global
	GlobalSection(SolutionConfigurationPlatforms) = preSolution
		Debug|Any CPU = Debug|Any CPU
		Release|Any CPU = Release|Any CPU
	EndGlobalSection
	GlobalSection(ProjectConfigurationPlatforms) = postSolution
		{A62A3A96-6D32-498F-9739-0CA13B7FE849}.Debug|Any CPU.ActiveCfg = Debug|Any CPU
		{A62A3A96-6D32-498F-9739-0CA13B7FE849}.Debug|Any CPU.Build.0 = Debug|Any CPU
		{A62A3A96-6D32-498F-9739-0CA13B7FE849}.Release|Any CPU.ActiveCfg = Release|Any CPU
		{A62A3A96-6D32-498F-9739-0CA13B7FE849}.Release|Any CPU.Build.0 = Release|Any CPU
	EndGlobalSection
	GlobalSection(SolutionProperties) = preSolution
		HideSolutionNode = FALSE
	EndGlobalSection
EndGlobal
